
Microsoft Visual Studio Solution File, Format Version 10.00
# Visual Studio 2008
Project("{8BC9CEB8-8B4A-11D0-8D11-00A0C91BC942}") = "TPriceList", "TPriceList.vcproj", "{540DE500-ADB9-40C9-81B1-65406DB094DA}"
EndProject
Project("{8BC9CEB8-8B4A-11D0-8D11-00A0C91BC942}") = "TestTPriceList", "TestTPriceList\TestTPriceList.vcproj", "{84076685-896B-4923-A108-09F6A99D6044}"
EndProject
Project("{8BC9CEB8-8B4A-11D0-8D11-00A0C91BC942}") = "Tools4dll", "..\..\Miscellaneous\Tools\Tools4dll.vcproj", "{55F970AD-BE1D-4BB3-9FAD-A0BA3BBD7451}"
EndProject
Global
	GlobalSection(SolutionConfigurationPlatforms) = preSolution
		Debug|Win32 = Debug|Win32
		Release|Win32 = Release|Win32
	EndGlobalSection
	GlobalSection(ProjectConfigurationPlatforms) = postSolution
		{540DE500-ADB9-40C9-81B1-65406DB094DA}.Debug|Win32.ActiveCfg = Debug|Win32
		{540DE500-ADB9-40C9-81B1-65406DB094DA}.Debug|Win32.Build.0 = Debug|Win32
		{540DE500-ADB9-40C9-81B1-65406DB094DA}.Release|Win32.ActiveCfg = Release|Win32
		{540DE500-ADB9-40C9-81B1-65406DB094DA}.Release|Win32.Build.0 = Release|Win32
		{84076685-896B-4923-A108-09F6A99D6044}.Debug|Win32.ActiveCfg = Debug|Win32
		{84076685-896B-4923-A108-09F6A99D6044}.Debug|Win32.Build.0 = Debug|Win32
		{84076685-896B-4923-A108-09F6A99D6044}.Release|Win32.ActiveCfg = Release|Win32
		{84076685-896B-4923-A108-09F6A99D6044}.Release|Win32.Build.0 = Release|Win32
		{55F970AD-BE1D-4BB3-9FAD-A0BA3BBD7451}.Debug|Win32.ActiveCfg = Debug|Win32
		{55F970AD-BE1D-4BB3-9FAD-A0BA3BBD7451}.Debug|Win32.Build.0 = Debug|Win32
		{55F970AD-BE1D-4BB3-9FAD-A0BA3BBD7451}.Release|Win32.ActiveCfg = Release|Win32
		{55F970AD-BE1D-4BB3-9FAD-A0BA3BBD7451}.Release|Win32.Build.0 = Release|Win32
	EndGlobalSection
	GlobalSection(SolutionProperties) = preSolution
		HideSolutionNode = FALSE
	EndGlobalSection
EndGlobal
