
Microsoft Visual Studio Solution File, Format Version 10.00
# Visual Studio 2008
Project("{8BC9CEB8-8B4A-11D0-8D11-00A0C91BC942}") = "Quotation", "..\Quotation\Quotation.vcproj", "{3A108242-C129-4A85-915D-789558B70128}"
EndProject
Project("{8BC9CEB8-8B4A-11D0-8D11-00A0C91BC942}") = "ZqQuotation", "ZqQuotation.vcproj", "{780D357F-38C7-4942-B9CF-AF7CA832F530}"
	ProjectSection(ProjectDependencies) = postProject
		{3A108242-C129-4A85-915D-789558B70128} = {3A108242-C129-4A85-915D-789558B70128}
		{1AA8A44F-3F29-475D-85D6-19FE49E9F497} = {1AA8A44F-3F29-475D-85D6-19FE49E9F497}
	EndProjectSection
EndProject
Project("{8BC9CEB8-8B4A-11D0-8D11-00A0C91BC942}") = "PlusinAPI", "..\..\..\PlusinAPI\PlusinDll.vcproj", "{1AA8A44F-3F29-475D-85D6-19FE49E9F497}"
EndProject
Global
	GlobalSection(PowerDesigner) = preSolution
		HasSWS = 1
	EndGlobalSection
	GlobalSection(SolutionConfigurationPlatforms) = preSolution
		Debug_CME|Win32 = Debug_CME|Win32
		Debug|Win32 = Debug|Win32
		DLL Debug|Win32 = DLL Debug|Win32
		DLL Release|Win32 = DLL Release|Win32
		DLL Unicode Debug|Win32 = DLL Unicode Debug|Win32
		DLL Unicode Release|Win32 = DLL Unicode Release|Win32
		DLL Universal Debug|Win32 = DLL Universal Debug|Win32
		DLL Universal Release|Win32 = DLL Universal Release|Win32
		DLL Universal Unicode Debug|Win32 = DLL Universal Unicode Debug|Win32
		DLL Universal Unicode Release|Win32 = DLL Universal Unicode Release|Win32
		Release_CME|Win32 = Release_CME|Win32
		Release|Win32 = Release|Win32
		Unicode Debug|Win32 = Unicode Debug|Win32
		Unicode Release|Win32 = Unicode Release|Win32
		Universal Debug|Win32 = Universal Debug|Win32
		Universal Release|Win32 = Universal Release|Win32
		Universal Unicode Debug|Win32 = Universal Unicode Debug|Win32
		Universal Unicode Release|Win32 = Universal Unicode Release|Win32
	EndGlobalSection
	GlobalSection(ProjectConfigurationPlatforms) = postSolution
		{3A108242-C129-4A85-915D-789558B70128}.Debug_CME|Win32.ActiveCfg = Debug|Win32
		{3A108242-C129-4A85-915D-789558B70128}.Debug_CME|Win32.Build.0 = Debug|Win32
		{3A108242-C129-4A85-915D-789558B70128}.Debug|Win32.ActiveCfg = Debug|Win32
		{3A108242-C129-4A85-915D-789558B70128}.Debug|Win32.Build.0 = Debug|Win32
		{3A108242-C129-4A85-915D-789558B70128}.DLL Debug|Win32.ActiveCfg = Debug|Win32
		{3A108242-C129-4A85-915D-789558B70128}.DLL Debug|Win32.Build.0 = Debug|Win32
		{3A108242-C129-4A85-915D-789558B70128}.DLL Release|Win32.ActiveCfg = Release|Win32
		{3A108242-C129-4A85-915D-789558B70128}.DLL Release|Win32.Build.0 = Release|Win32
		{3A108242-C129-4A85-915D-789558B70128}.DLL Unicode Debug|Win32.ActiveCfg = Debug|Win32
		{3A108242-C129-4A85-915D-789558B70128}.DLL Unicode Debug|Win32.Build.0 = Debug|Win32
		{3A108242-C129-4A85-915D-789558B70128}.DLL Unicode Release|Win32.ActiveCfg = Release|Win32
		{3A108242-C129-4A85-915D-789558B70128}.DLL Unicode Release|Win32.Build.0 = Release|Win32
		{3A108242-C129-4A85-915D-789558B70128}.DLL Universal Debug|Win32.ActiveCfg = Debug|Win32
		{3A108242-C129-4A85-915D-789558B70128}.DLL Universal Debug|Win32.Build.0 = Debug|Win32
		{3A108242-C129-4A85-915D-789558B70128}.DLL Universal Release|Win32.ActiveCfg = Release|Win32
		{3A108242-C129-4A85-915D-789558B70128}.DLL Universal Release|Win32.Build.0 = Release|Win32
		{3A108242-C129-4A85-915D-789558B70128}.DLL Universal Unicode Debug|Win32.ActiveCfg = Debug|Win32
		{3A108242-C129-4A85-915D-789558B70128}.DLL Universal Unicode Debug|Win32.Build.0 = Debug|Win32
		{3A108242-C129-4A85-915D-789558B70128}.DLL Universal Unicode Release|Win32.ActiveCfg = Release|Win32
		{3A108242-C129-4A85-915D-789558B70128}.DLL Universal Unicode Release|Win32.Build.0 = Release|Win32
		{3A108242-C129-4A85-915D-789558B70128}.Release_CME|Win32.ActiveCfg = Release|Win32
		{3A108242-C129-4A85-915D-789558B70128}.Release_CME|Win32.Build.0 = Release|Win32
		{3A108242-C129-4A85-915D-789558B70128}.Release|Win32.ActiveCfg = Release|Win32
		{3A108242-C129-4A85-915D-789558B70128}.Release|Win32.Build.0 = Release|Win32
		{3A108242-C129-4A85-915D-789558B70128}.Unicode Debug|Win32.ActiveCfg = Debug|Win32
		{3A108242-C129-4A85-915D-789558B70128}.Unicode Debug|Win32.Build.0 = Debug|Win32
		{3A108242-C129-4A85-915D-789558B70128}.Unicode Release|Win32.ActiveCfg = Release|Win32
		{3A108242-C129-4A85-915D-789558B70128}.Unicode Release|Win32.Build.0 = Release|Win32
		{3A108242-C129-4A85-915D-789558B70128}.Universal Debug|Win32.ActiveCfg = Debug|Win32
		{3A108242-C129-4A85-915D-789558B70128}.Universal Debug|Win32.Build.0 = Debug|Win32
		{3A108242-C129-4A85-915D-789558B70128}.Universal Release|Win32.ActiveCfg = Release|Win32
		{3A108242-C129-4A85-915D-789558B70128}.Universal Release|Win32.Build.0 = Release|Win32
		{3A108242-C129-4A85-915D-789558B70128}.Universal Unicode Debug|Win32.ActiveCfg = Debug|Win32
		{3A108242-C129-4A85-915D-789558B70128}.Universal Unicode Debug|Win32.Build.0 = Debug|Win32
		{3A108242-C129-4A85-915D-789558B70128}.Universal Unicode Release|Win32.ActiveCfg = Release|Win32
		{3A108242-C129-4A85-915D-789558B70128}.Universal Unicode Release|Win32.Build.0 = Release|Win32
		{780D357F-38C7-4942-B9CF-AF7CA832F530}.Debug_CME|Win32.ActiveCfg = Debug|Win32
		{780D357F-38C7-4942-B9CF-AF7CA832F530}.Debug_CME|Win32.Build.0 = Debug|Win32
		{780D357F-38C7-4942-B9CF-AF7CA832F530}.Debug|Win32.ActiveCfg = Debug|Win32
		{780D357F-38C7-4942-B9CF-AF7CA832F530}.Debug|Win32.Build.0 = Debug|Win32
		{780D357F-38C7-4942-B9CF-AF7CA832F530}.DLL Debug|Win32.ActiveCfg = Debug|Win32
		{780D357F-38C7-4942-B9CF-AF7CA832F530}.DLL Debug|Win32.Build.0 = Debug|Win32
		{780D357F-38C7-4942-B9CF-AF7CA832F530}.DLL Release|Win32.ActiveCfg = Release|Win32
		{780D357F-38C7-4942-B9CF-AF7CA832F530}.DLL Release|Win32.Build.0 = Release|Win32
		{780D357F-38C7-4942-B9CF-AF7CA832F530}.DLL Unicode Debug|Win32.ActiveCfg = Debug|Win32
		{780D357F-38C7-4942-B9CF-AF7CA832F530}.DLL Unicode Debug|Win32.Build.0 = Debug|Win32
		{780D357F-38C7-4942-B9CF-AF7CA832F530}.DLL Unicode Release|Win32.ActiveCfg = Release|Win32
		{780D357F-38C7-4942-B9CF-AF7CA832F530}.DLL Unicode Release|Win32.Build.0 = Release|Win32
		{780D357F-38C7-4942-B9CF-AF7CA832F530}.DLL Universal Debug|Win32.ActiveCfg = Debug|Win32
		{780D357F-38C7-4942-B9CF-AF7CA832F530}.DLL Universal Debug|Win32.Build.0 = Debug|Win32
		{780D357F-38C7-4942-B9CF-AF7CA832F530}.DLL Universal Release|Win32.ActiveCfg = Release|Win32
		{780D357F-38C7-4942-B9CF-AF7CA832F530}.DLL Universal Release|Win32.Build.0 = Release|Win32
		{780D357F-38C7-4942-B9CF-AF7CA832F530}.DLL Universal Unicode Debug|Win32.ActiveCfg = Debug|Win32
		{780D357F-38C7-4942-B9CF-AF7CA832F530}.DLL Universal Unicode Debug|Win32.Build.0 = Debug|Win32
		{780D357F-38C7-4942-B9CF-AF7CA832F530}.DLL Universal Unicode Release|Win32.ActiveCfg = Release|Win32
		{780D357F-38C7-4942-B9CF-AF7CA832F530}.DLL Universal Unicode Release|Win32.Build.0 = Release|Win32
		{780D357F-38C7-4942-B9CF-AF7CA832F530}.Release_CME|Win32.ActiveCfg = Release|Win32
		{780D357F-38C7-4942-B9CF-AF7CA832F530}.Release_CME|Win32.Build.0 = Release|Win32
		{780D357F-38C7-4942-B9CF-AF7CA832F530}.Release|Win32.ActiveCfg = Release|Win32
		{780D357F-38C7-4942-B9CF-AF7CA832F530}.Release|Win32.Build.0 = Release|Win32
		{780D357F-38C7-4942-B9CF-AF7CA832F530}.Unicode Debug|Win32.ActiveCfg = Debug|Win32
		{780D357F-38C7-4942-B9CF-AF7CA832F530}.Unicode Debug|Win32.Build.0 = Debug|Win32
		{780D357F-38C7-4942-B9CF-AF7CA832F530}.Unicode Release|Win32.ActiveCfg = Release|Win32
		{780D357F-38C7-4942-B9CF-AF7CA832F530}.Unicode Release|Win32.Build.0 = Release|Win32
		{780D357F-38C7-4942-B9CF-AF7CA832F530}.Universal Debug|Win32.ActiveCfg = Debug|Win32
		{780D357F-38C7-4942-B9CF-AF7CA832F530}.Universal Debug|Win32.Build.0 = Debug|Win32
		{780D357F-38C7-4942-B9CF-AF7CA832F530}.Universal Release|Win32.ActiveCfg = Release|Win32
		{780D357F-38C7-4942-B9CF-AF7CA832F530}.Universal Release|Win32.Build.0 = Release|Win32
		{780D357F-38C7-4942-B9CF-AF7CA832F530}.Universal Unicode Debug|Win32.ActiveCfg = Debug|Win32
		{780D357F-38C7-4942-B9CF-AF7CA832F530}.Universal Unicode Debug|Win32.Build.0 = Debug|Win32
		{780D357F-38C7-4942-B9CF-AF7CA832F530}.Universal Unicode Release|Win32.ActiveCfg = Release|Win32
		{780D357F-38C7-4942-B9CF-AF7CA832F530}.Universal Unicode Release|Win32.Build.0 = Release|Win32
		{1AA8A44F-3F29-475D-85D6-19FE49E9F497}.Debug_CME|Win32.ActiveCfg = Debug|Win32
		{1AA8A44F-3F29-475D-85D6-19FE49E9F497}.Debug_CME|Win32.Build.0 = Debug|Win32
		{1AA8A44F-3F29-475D-85D6-19FE49E9F497}.Debug|Win32.ActiveCfg = Debug|Win32
		{1AA8A44F-3F29-475D-85D6-19FE49E9F497}.Debug|Win32.Build.0 = Debug|Win32
		{1AA8A44F-3F29-475D-85D6-19FE49E9F497}.DLL Debug|Win32.ActiveCfg = Debug|Win32
		{1AA8A44F-3F29-475D-85D6-19FE49E9F497}.DLL Debug|Win32.Build.0 = Debug|Win32
		{1AA8A44F-3F29-475D-85D6-19FE49E9F497}.DLL Release|Win32.ActiveCfg = Release|Win32
		{1AA8A44F-3F29-475D-85D6-19FE49E9F497}.DLL Release|Win32.Build.0 = Release|Win32
		{1AA8A44F-3F29-475D-85D6-19FE49E9F497}.DLL Unicode Debug|Win32.ActiveCfg = Debug|Win32
		{1AA8A44F-3F29-475D-85D6-19FE49E9F497}.DLL Unicode Debug|Win32.Build.0 = Debug|Win32
		{1AA8A44F-3F29-475D-85D6-19FE49E9F497}.DLL Unicode Release|Win32.ActiveCfg = Release|Win32
		{1AA8A44F-3F29-475D-85D6-19FE49E9F497}.DLL Unicode Release|Win32.Build.0 = Release|Win32
		{1AA8A44F-3F29-475D-85D6-19FE49E9F497}.DLL Universal Debug|Win32.ActiveCfg = Debug|Win32
		{1AA8A44F-3F29-475D-85D6-19FE49E9F497}.DLL Universal Debug|Win32.Build.0 = Debug|Win32
		{1AA8A44F-3F29-475D-85D6-19FE49E9F497}.DLL Universal Release|Win32.ActiveCfg = Release|Win32
		{1AA8A44F-3F29-475D-85D6-19FE49E9F497}.DLL Universal Release|Win32.Build.0 = Release|Win32
		{1AA8A44F-3F29-475D-85D6-19FE49E9F497}.DLL Universal Unicode Debug|Win32.ActiveCfg = Debug|Win32
		{1AA8A44F-3F29-475D-85D6-19FE49E9F497}.DLL Universal Unicode Debug|Win32.Build.0 = Debug|Win32
		{1AA8A44F-3F29-475D-85D6-19FE49E9F497}.DLL Universal Unicode Release|Win32.ActiveCfg = Release|Win32
		{1AA8A44F-3F29-475D-85D6-19FE49E9F497}.DLL Universal Unicode Release|Win32.Build.0 = Release|Win32
		{1AA8A44F-3F29-475D-85D6-19FE49E9F497}.Release_CME|Win32.ActiveCfg = Release|Win32
		{1AA8A44F-3F29-475D-85D6-19FE49E9F497}.Release_CME|Win32.Build.0 = Release|Win32
		{1AA8A44F-3F29-475D-85D6-19FE49E9F497}.Release|Win32.ActiveCfg = Release|Win32
		{1AA8A44F-3F29-475D-85D6-19FE49E9F497}.Release|Win32.Build.0 = Release|Win32
		{1AA8A44F-3F29-475D-85D6-19FE49E9F497}.Unicode Debug|Win32.ActiveCfg = Debug|Win32
		{1AA8A44F-3F29-475D-85D6-19FE49E9F497}.Unicode Debug|Win32.Build.0 = Debug|Win32
		{1AA8A44F-3F29-475D-85D6-19FE49E9F497}.Unicode Release|Win32.ActiveCfg = Release|Win32
		{1AA8A44F-3F29-475D-85D6-19FE49E9F497}.Unicode Release|Win32.Build.0 = Release|Win32
		{1AA8A44F-3F29-475D-85D6-19FE49E9F497}.Universal Debug|Win32.ActiveCfg = Debug|Win32
		{1AA8A44F-3F29-475D-85D6-19FE49E9F497}.Universal Debug|Win32.Build.0 = Debug|Win32
		{1AA8A44F-3F29-475D-85D6-19FE49E9F497}.Universal Release|Win32.ActiveCfg = Release|Win32
		{1AA8A44F-3F29-475D-85D6-19FE49E9F497}.Universal Release|Win32.Build.0 = Release|Win32
		{1AA8A44F-3F29-475D-85D6-19FE49E9F497}.Universal Unicode Debug|Win32.ActiveCfg = Debug|Win32
		{1AA8A44F-3F29-475D-85D6-19FE49E9F497}.Universal Unicode Debug|Win32.Build.0 = Debug|Win32
		{1AA8A44F-3F29-475D-85D6-19FE49E9F497}.Universal Unicode Release|Win32.ActiveCfg = Release|Win32
		{1AA8A44F-3F29-475D-85D6-19FE49E9F497}.Universal Unicode Release|Win32.Build.0 = Release|Win32
	EndGlobalSection
	GlobalSection(SolutionProperties) = preSolution
		HideSolutionNode = FALSE
	EndGlobalSection
EndGlobal
