
Microsoft Visual Studio Solution File, Format Version 10.00
# Visual Studio 2008
Project("{8BC9CEB8-8B4A-11D0-8D11-00A0C91BC942}") = "CommonDef", "CommonDef\CommonDef.vcproj", "{531ED4C0-B496-44FA-9D33-C1963D83E492}"
EndProject
Project("{8BC9CEB8-8B4A-11D0-8D11-00A0C91BC942}") = "Tools4clr", "..\Miscellaneous\Tools\Tools4clr.vcproj", "{351447C8-BDC7-4030-A38A-9CBE4B514041}"
EndProject
Project("{8BC9CEB8-8B4A-11D0-8D11-00A0C91BC942}") = "CltPresentation", "Client\CltPresentation\CltPresentation.vcproj", "{95123051-C9C6-4A13-9127-4FAFC48BA040}"
	ProjectSection(ProjectDependencies) = postProject
		{351447C8-BDC7-4030-A38A-9CBE4B514041} = {351447C8-BDC7-4030-A38A-9CBE4B514041}
	EndProjectSection
EndProject
Project("{8BC9CEB8-8B4A-11D0-8D11-00A0C91BC942}") = "Tools", "..\Miscellaneous\Tools\Tools.vcproj", "{86E881CD-82F6-46C9-B10F-E05A7E43D14D}"
EndProject
Project("{FAE04EC0-301F-11D3-BF4B-00C04F79EFBC}") = "CFMap.Core", "Client\RiskMap\CFMap.Core\CFMap.Core.csproj", "{2875E8BA-42EB-4A55-B8EF-42B40CE1F300}"
EndProject
Project("{FAE04EC0-301F-11D3-BF4B-00C04F79EFBC}") = "CFMap.WinForm.Control", "Client\RiskMap\CFMap.WinForm.Control\CFMap.WinForm.Control.csproj", "{C28F3B33-D0AF-4AB7-BEBB-9BC9AF197130}"
EndProject
Project("{8BC9CEB8-8B4A-11D0-8D11-00A0C91BC942}") = "AnywndComboBox", "Client\AnywndComboBox\AnywndComboBox.vcproj", "{F7A340DB-DE7A-4F91-8A0B-7C5AD69AB2F0}"
EndProject
Project("{8BC9CEB8-8B4A-11D0-8D11-00A0C91BC942}") = "ListPanel", "Client\ListPanel\ListPanel.vcproj", "{ACF8299C-4119-44BE-9FEE-E8DA24CC97A1}"
EndProject
Project("{FAE04EC0-301F-11D3-BF4B-00C04F79EFBC}") = "SimpleFlagControl", "Client\SimpleFlagControl\SimpleFlagControl.csproj", "{2015F8C6-4E7D-443A-B0F0-43EC7724E9CE}"
EndProject
Project("{FAE04EC0-301F-11D3-BF4B-00C04F79EFBC}") = "SimpleGradientProgressBar", "Client\SimpleGradientProgressBar\SimpleGradientProgressBar.csproj", "{C6EDADE6-1FE2-4233-A003-CDE5C1BCBB5E}"
EndProject
Project("{FAE04EC0-301F-11D3-BF4B-00C04F79EFBC}") = "SimpleGuage", "Client\SimpleGuage\SimpleGuage.csproj", "{486CED6B-A37B-4F6F-82AA-A3C349EF65AB}"
EndProject
Project("{8BC9CEB8-8B4A-11D0-8D11-00A0C91BC942}") = "SimpleReportControl", "Client\SimpleReportControl\SimpleReportControl.vcproj", "{6B48A5F4-8C85-4528-A071-D0151B7924AE}"
EndProject
Project("{8BC9CEB8-8B4A-11D0-8D11-00A0C91BC942}") = "CltServerMgr", "Client\CltServerMgr\CltServerMgr.vcproj", "{A694AB7D-5366-4185-A1C9-594A9D4ADF6B}"
EndProject
Project("{8BC9CEB8-8B4A-11D0-8D11-00A0C91BC942}") = "CltRisk", "Client\CltRisk\CltRisk.vcproj", "{D125B3CE-800A-48C7-8767-B9E1B1F531EA}"
EndProject
Project("{8BC9CEB8-8B4A-11D0-8D11-00A0C91BC942}") = "TesterAdmin", "Client\TesterAdmin\TesterAdmin.vcproj", "{B963C265-5AB0-49E2-8001-4119BB15E3E1}"
EndProject
Project("{8BC9CEB8-8B4A-11D0-8D11-00A0C91BC942}") = "TestorProxy", "Client\TestorProxy\TestorProxy.vcproj", "{B77A5B70-B344-4989-B32B-2A760729B1B3}"
EndProject
Project("{2150E333-8FDC-42A3-9474-1A3956D46DE8}") = "Solution Items", "Solution Items", "{EFD77E8C-2D1E-4699-A541-7AF02E1DF59D}"
EndProject
Project("{8BC9CEB8-8B4A-11D0-8D11-00A0C91BC942}") = "TestReport", "Client\TestReport\TestReport.vcproj", "{84943BEB-B38C-4546-8F59-2A1A2B2079FF}"
EndProject
Project("{FAE04EC0-301F-11D3-BF4B-00C04F79EFBC}") = "CurrencyBox", "Client\CurrencyBox\CurrencyBox.csproj", "{CBB40B0F-A1AA-46EA-9A4E-76D6DABE46F6}"
EndProject
Project("{FAE04EC0-301F-11D3-BF4B-00C04F79EFBC}") = "IPControl", "Client\IPControl\IPControl.csproj", "{23499890-263E-46D1-A44D-EE7A48B65116}"
EndProject
Global
	GlobalSection(SolutionConfigurationPlatforms) = preSolution
		Debug|Any CPU = Debug|Any CPU
		Debug|Mixed Platforms = Debug|Mixed Platforms
		Debug|Win32 = Debug|Win32
		Release|Any CPU = Release|Any CPU
		Release|Mixed Platforms = Release|Mixed Platforms
		Release|Win32 = Release|Win32
	EndGlobalSection
	GlobalSection(ProjectConfigurationPlatforms) = postSolution
		{531ED4C0-B496-44FA-9D33-C1963D83E492}.Debug|Any CPU.ActiveCfg = Debug|Win32
		{531ED4C0-B496-44FA-9D33-C1963D83E492}.Debug|Mixed Platforms.ActiveCfg = Debug|Win32
		{531ED4C0-B496-44FA-9D33-C1963D83E492}.Debug|Mixed Platforms.Build.0 = Debug|Win32
		{531ED4C0-B496-44FA-9D33-C1963D83E492}.Debug|Win32.ActiveCfg = Debug|Win32
		{531ED4C0-B496-44FA-9D33-C1963D83E492}.Debug|Win32.Build.0 = Debug|Win32
		{531ED4C0-B496-44FA-9D33-C1963D83E492}.Release|Any CPU.ActiveCfg = Release|Win32
		{531ED4C0-B496-44FA-9D33-C1963D83E492}.Release|Mixed Platforms.ActiveCfg = Release|Win32
		{531ED4C0-B496-44FA-9D33-C1963D83E492}.Release|Mixed Platforms.Build.0 = Release|Win32
		{531ED4C0-B496-44FA-9D33-C1963D83E492}.Release|Win32.ActiveCfg = Release|Win32
		{531ED4C0-B496-44FA-9D33-C1963D83E492}.Release|Win32.Build.0 = Release|Win32
		{351447C8-BDC7-4030-A38A-9CBE4B514041}.Debug|Any CPU.ActiveCfg = Debug|Win32
		{351447C8-BDC7-4030-A38A-9CBE4B514041}.Debug|Mixed Platforms.ActiveCfg = Debug|Win32
		{351447C8-BDC7-4030-A38A-9CBE4B514041}.Debug|Mixed Platforms.Build.0 = Debug|Win32
		{351447C8-BDC7-4030-A38A-9CBE4B514041}.Debug|Win32.ActiveCfg = Debug|Win32
		{351447C8-BDC7-4030-A38A-9CBE4B514041}.Debug|Win32.Build.0 = Debug|Win32
		{351447C8-BDC7-4030-A38A-9CBE4B514041}.Release|Any CPU.ActiveCfg = Release|Win32
		{351447C8-BDC7-4030-A38A-9CBE4B514041}.Release|Mixed Platforms.ActiveCfg = Release|Win32
		{351447C8-BDC7-4030-A38A-9CBE4B514041}.Release|Mixed Platforms.Build.0 = Release|Win32
		{351447C8-BDC7-4030-A38A-9CBE4B514041}.Release|Win32.ActiveCfg = Release|Win32
		{351447C8-BDC7-4030-A38A-9CBE4B514041}.Release|Win32.Build.0 = Release|Win32
		{95123051-C9C6-4A13-9127-4FAFC48BA040}.Debug|Any CPU.ActiveCfg = Debug|Win32
		{95123051-C9C6-4A13-9127-4FAFC48BA040}.Debug|Mixed Platforms.ActiveCfg = Debug|Win32
		{95123051-C9C6-4A13-9127-4FAFC48BA040}.Debug|Mixed Platforms.Build.0 = Debug|Win32
		{95123051-C9C6-4A13-9127-4FAFC48BA040}.Debug|Win32.ActiveCfg = Debug|Win32
		{95123051-C9C6-4A13-9127-4FAFC48BA040}.Debug|Win32.Build.0 = Debug|Win32
		{95123051-C9C6-4A13-9127-4FAFC48BA040}.Release|Any CPU.ActiveCfg = Release|Win32
		{95123051-C9C6-4A13-9127-4FAFC48BA040}.Release|Mixed Platforms.ActiveCfg = Release|Win32
		{95123051-C9C6-4A13-9127-4FAFC48BA040}.Release|Mixed Platforms.Build.0 = Release|Win32
		{95123051-C9C6-4A13-9127-4FAFC48BA040}.Release|Win32.ActiveCfg = Release|Win32
		{95123051-C9C6-4A13-9127-4FAFC48BA040}.Release|Win32.Build.0 = Release|Win32
		{86E881CD-82F6-46C9-B10F-E05A7E43D14D}.Debug|Any CPU.ActiveCfg = Debug|Win32
		{86E881CD-82F6-46C9-B10F-E05A7E43D14D}.Debug|Mixed Platforms.ActiveCfg = Debug|Win32
		{86E881CD-82F6-46C9-B10F-E05A7E43D14D}.Debug|Mixed Platforms.Build.0 = Debug|Win32
		{86E881CD-82F6-46C9-B10F-E05A7E43D14D}.Debug|Win32.ActiveCfg = Debug|Win32
		{86E881CD-82F6-46C9-B10F-E05A7E43D14D}.Debug|Win32.Build.0 = Debug|Win32
		{86E881CD-82F6-46C9-B10F-E05A7E43D14D}.Release|Any CPU.ActiveCfg = Release|Win32
		{86E881CD-82F6-46C9-B10F-E05A7E43D14D}.Release|Mixed Platforms.ActiveCfg = Release|Win32
		{86E881CD-82F6-46C9-B10F-E05A7E43D14D}.Release|Mixed Platforms.Build.0 = Release|Win32
		{86E881CD-82F6-46C9-B10F-E05A7E43D14D}.Release|Win32.ActiveCfg = Release|Win32
		{86E881CD-82F6-46C9-B10F-E05A7E43D14D}.Release|Win32.Build.0 = Release|Win32
		{2875E8BA-42EB-4A55-B8EF-42B40CE1F300}.Debug|Any CPU.ActiveCfg = Debug|Any CPU
		{2875E8BA-42EB-4A55-B8EF-42B40CE1F300}.Debug|Any CPU.Build.0 = Debug|Any CPU
		{2875E8BA-42EB-4A55-B8EF-42B40CE1F300}.Debug|Mixed Platforms.ActiveCfg = Debug|Any CPU
		{2875E8BA-42EB-4A55-B8EF-42B40CE1F300}.Debug|Mixed Platforms.Build.0 = Debug|Any CPU
		{2875E8BA-42EB-4A55-B8EF-42B40CE1F300}.Debug|Win32.ActiveCfg = Debug|Any CPU
		{2875E8BA-42EB-4A55-B8EF-42B40CE1F300}.Release|Any CPU.ActiveCfg = Release|Any CPU
		{2875E8BA-42EB-4A55-B8EF-42B40CE1F300}.Release|Any CPU.Build.0 = Release|Any CPU
		{2875E8BA-42EB-4A55-B8EF-42B40CE1F300}.Release|Mixed Platforms.ActiveCfg = Release|Any CPU
		{2875E8BA-42EB-4A55-B8EF-42B40CE1F300}.Release|Mixed Platforms.Build.0 = Release|Any CPU
		{2875E8BA-42EB-4A55-B8EF-42B40CE1F300}.Release|Win32.ActiveCfg = Release|Any CPU
		{C28F3B33-D0AF-4AB7-BEBB-9BC9AF197130}.Debug|Any CPU.ActiveCfg = Debug|Any CPU
		{C28F3B33-D0AF-4AB7-BEBB-9BC9AF197130}.Debug|Any CPU.Build.0 = Debug|Any CPU
		{C28F3B33-D0AF-4AB7-BEBB-9BC9AF197130}.Debug|Mixed Platforms.ActiveCfg = Debug|Any CPU
		{C28F3B33-D0AF-4AB7-BEBB-9BC9AF197130}.Debug|Mixed Platforms.Build.0 = Debug|Any CPU
		{C28F3B33-D0AF-4AB7-BEBB-9BC9AF197130}.Debug|Win32.ActiveCfg = Debug|Any CPU
		{C28F3B33-D0AF-4AB7-BEBB-9BC9AF197130}.Release|Any CPU.ActiveCfg = Release|Any CPU
		{C28F3B33-D0AF-4AB7-BEBB-9BC9AF197130}.Release|Any CPU.Build.0 = Release|Any CPU
		{C28F3B33-D0AF-4AB7-BEBB-9BC9AF197130}.Release|Mixed Platforms.ActiveCfg = Release|Any CPU
		{C28F3B33-D0AF-4AB7-BEBB-9BC9AF197130}.Release|Mixed Platforms.Build.0 = Release|Any CPU
		{C28F3B33-D0AF-4AB7-BEBB-9BC9AF197130}.Release|Win32.ActiveCfg = Release|Any CPU
		{F7A340DB-DE7A-4F91-8A0B-7C5AD69AB2F0}.Debug|Any CPU.ActiveCfg = Debug|Win32
		{F7A340DB-DE7A-4F91-8A0B-7C5AD69AB2F0}.Debug|Mixed Platforms.ActiveCfg = Debug|Win32
		{F7A340DB-DE7A-4F91-8A0B-7C5AD69AB2F0}.Debug|Mixed Platforms.Build.0 = Debug|Win32
		{F7A340DB-DE7A-4F91-8A0B-7C5AD69AB2F0}.Debug|Win32.ActiveCfg = Debug|Win32
		{F7A340DB-DE7A-4F91-8A0B-7C5AD69AB2F0}.Debug|Win32.Build.0 = Debug|Win32
		{F7A340DB-DE7A-4F91-8A0B-7C5AD69AB2F0}.Release|Any CPU.ActiveCfg = Release|Win32
		{F7A340DB-DE7A-4F91-8A0B-7C5AD69AB2F0}.Release|Mixed Platforms.ActiveCfg = Release|Win32
		{F7A340DB-DE7A-4F91-8A0B-7C5AD69AB2F0}.Release|Mixed Platforms.Build.0 = Release|Win32
		{F7A340DB-DE7A-4F91-8A0B-7C5AD69AB2F0}.Release|Win32.ActiveCfg = Release|Win32
		{F7A340DB-DE7A-4F91-8A0B-7C5AD69AB2F0}.Release|Win32.Build.0 = Release|Win32
		{ACF8299C-4119-44BE-9FEE-E8DA24CC97A1}.Debug|Any CPU.ActiveCfg = Debug|Win32
		{ACF8299C-4119-44BE-9FEE-E8DA24CC97A1}.Debug|Mixed Platforms.ActiveCfg = Debug|Win32
		{ACF8299C-4119-44BE-9FEE-E8DA24CC97A1}.Debug|Mixed Platforms.Build.0 = Debug|Win32
		{ACF8299C-4119-44BE-9FEE-E8DA24CC97A1}.Debug|Win32.ActiveCfg = Debug|Win32
		{ACF8299C-4119-44BE-9FEE-E8DA24CC97A1}.Debug|Win32.Build.0 = Debug|Win32
		{ACF8299C-4119-44BE-9FEE-E8DA24CC97A1}.Release|Any CPU.ActiveCfg = Release|Win32
		{ACF8299C-4119-44BE-9FEE-E8DA24CC97A1}.Release|Mixed Platforms.ActiveCfg = Release|Win32
		{ACF8299C-4119-44BE-9FEE-E8DA24CC97A1}.Release|Mixed Platforms.Build.0 = Release|Win32
		{ACF8299C-4119-44BE-9FEE-E8DA24CC97A1}.Release|Win32.ActiveCfg = Release|Win32
		{ACF8299C-4119-44BE-9FEE-E8DA24CC97A1}.Release|Win32.Build.0 = Release|Win32
		{2015F8C6-4E7D-443A-B0F0-43EC7724E9CE}.Debug|Any CPU.ActiveCfg = Debug|Any CPU
		{2015F8C6-4E7D-443A-B0F0-43EC7724E9CE}.Debug|Any CPU.Build.0 = Debug|Any CPU
		{2015F8C6-4E7D-443A-B0F0-43EC7724E9CE}.Debug|Mixed Platforms.ActiveCfg = Debug|Any CPU
		{2015F8C6-4E7D-443A-B0F0-43EC7724E9CE}.Debug|Mixed Platforms.Build.0 = Debug|Any CPU
		{2015F8C6-4E7D-443A-B0F0-43EC7724E9CE}.Debug|Win32.ActiveCfg = Debug|Any CPU
		{2015F8C6-4E7D-443A-B0F0-43EC7724E9CE}.Release|Any CPU.ActiveCfg = Release|Any CPU
		{2015F8C6-4E7D-443A-B0F0-43EC7724E9CE}.Release|Any CPU.Build.0 = Release|Any CPU
		{2015F8C6-4E7D-443A-B0F0-43EC7724E9CE}.Release|Mixed Platforms.ActiveCfg = Release|Any CPU
		{2015F8C6-4E7D-443A-B0F0-43EC7724E9CE}.Release|Mixed Platforms.Build.0 = Release|Any CPU
		{2015F8C6-4E7D-443A-B0F0-43EC7724E9CE}.Release|Win32.ActiveCfg = Release|Any CPU
		{C6EDADE6-1FE2-4233-A003-CDE5C1BCBB5E}.Debug|Any CPU.ActiveCfg = Debug|Any CPU
		{C6EDADE6-1FE2-4233-A003-CDE5C1BCBB5E}.Debug|Any CPU.Build.0 = Debug|Any CPU
		{C6EDADE6-1FE2-4233-A003-CDE5C1BCBB5E}.Debug|Mixed Platforms.ActiveCfg = Debug|Any CPU
		{C6EDADE6-1FE2-4233-A003-CDE5C1BCBB5E}.Debug|Mixed Platforms.Build.0 = Debug|Any CPU
		{C6EDADE6-1FE2-4233-A003-CDE5C1BCBB5E}.Debug|Win32.ActiveCfg = Debug|Any CPU
		{C6EDADE6-1FE2-4233-A003-CDE5C1BCBB5E}.Release|Any CPU.ActiveCfg = Release|Any CPU
		{C6EDADE6-1FE2-4233-A003-CDE5C1BCBB5E}.Release|Any CPU.Build.0 = Release|Any CPU
		{C6EDADE6-1FE2-4233-A003-CDE5C1BCBB5E}.Release|Mixed Platforms.ActiveCfg = Release|Any CPU
		{C6EDADE6-1FE2-4233-A003-CDE5C1BCBB5E}.Release|Mixed Platforms.Build.0 = Release|Any CPU
		{C6EDADE6-1FE2-4233-A003-CDE5C1BCBB5E}.Release|Win32.ActiveCfg = Release|Any CPU
		{486CED6B-A37B-4F6F-82AA-A3C349EF65AB}.Debug|Any CPU.ActiveCfg = Debug|Any CPU
		{486CED6B-A37B-4F6F-82AA-A3C349EF65AB}.Debug|Any CPU.Build.0 = Debug|Any CPU
		{486CED6B-A37B-4F6F-82AA-A3C349EF65AB}.Debug|Mixed Platforms.ActiveCfg = Debug|Any CPU
		{486CED6B-A37B-4F6F-82AA-A3C349EF65AB}.Debug|Mixed Platforms.Build.0 = Debug|Any CPU
		{486CED6B-A37B-4F6F-82AA-A3C349EF65AB}.Debug|Win32.ActiveCfg = Debug|Any CPU
		{486CED6B-A37B-4F6F-82AA-A3C349EF65AB}.Release|Any CPU.ActiveCfg = Release|Any CPU
		{486CED6B-A37B-4F6F-82AA-A3C349EF65AB}.Release|Any CPU.Build.0 = Release|Any CPU
		{486CED6B-A37B-4F6F-82AA-A3C349EF65AB}.Release|Mixed Platforms.ActiveCfg = Release|Any CPU
		{486CED6B-A37B-4F6F-82AA-A3C349EF65AB}.Release|Mixed Platforms.Build.0 = Release|Any CPU
		{486CED6B-A37B-4F6F-82AA-A3C349EF65AB}.Release|Win32.ActiveCfg = Release|Any CPU
		{6B48A5F4-8C85-4528-A071-D0151B7924AE}.Debug|Any CPU.ActiveCfg = Debug|Win32
		{6B48A5F4-8C85-4528-A071-D0151B7924AE}.Debug|Mixed Platforms.ActiveCfg = Debug|Win32
		{6B48A5F4-8C85-4528-A071-D0151B7924AE}.Debug|Mixed Platforms.Build.0 = Debug|Win32
		{6B48A5F4-8C85-4528-A071-D0151B7924AE}.Debug|Win32.ActiveCfg = Debug|Win32
		{6B48A5F4-8C85-4528-A071-D0151B7924AE}.Debug|Win32.Build.0 = Debug|Win32
		{6B48A5F4-8C85-4528-A071-D0151B7924AE}.Release|Any CPU.ActiveCfg = Release|Win32
		{6B48A5F4-8C85-4528-A071-D0151B7924AE}.Release|Mixed Platforms.ActiveCfg = Release|Win32
		{6B48A5F4-8C85-4528-A071-D0151B7924AE}.Release|Mixed Platforms.Build.0 = Release|Win32
		{6B48A5F4-8C85-4528-A071-D0151B7924AE}.Release|Win32.ActiveCfg = Release|Win32
		{6B48A5F4-8C85-4528-A071-D0151B7924AE}.Release|Win32.Build.0 = Release|Win32
		{A694AB7D-5366-4185-A1C9-594A9D4ADF6B}.Debug|Any CPU.ActiveCfg = Debug|Win32
		{A694AB7D-5366-4185-A1C9-594A9D4ADF6B}.Debug|Mixed Platforms.ActiveCfg = Debug|Win32
		{A694AB7D-5366-4185-A1C9-594A9D4ADF6B}.Debug|Mixed Platforms.Build.0 = Debug|Win32
		{A694AB7D-5366-4185-A1C9-594A9D4ADF6B}.Debug|Win32.ActiveCfg = Debug|Win32
		{A694AB7D-5366-4185-A1C9-594A9D4ADF6B}.Debug|Win32.Build.0 = Debug|Win32
		{A694AB7D-5366-4185-A1C9-594A9D4ADF6B}.Release|Any CPU.ActiveCfg = Release|Win32
		{A694AB7D-5366-4185-A1C9-594A9D4ADF6B}.Release|Mixed Platforms.ActiveCfg = Release|Win32
		{A694AB7D-5366-4185-A1C9-594A9D4ADF6B}.Release|Mixed Platforms.Build.0 = Release|Win32
		{A694AB7D-5366-4185-A1C9-594A9D4ADF6B}.Release|Win32.ActiveCfg = Release|Win32
		{A694AB7D-5366-4185-A1C9-594A9D4ADF6B}.Release|Win32.Build.0 = Release|Win32
		{D125B3CE-800A-48C7-8767-B9E1B1F531EA}.Debug|Any CPU.ActiveCfg = Debug|Win32
		{D125B3CE-800A-48C7-8767-B9E1B1F531EA}.Debug|Mixed Platforms.ActiveCfg = Debug|Win32
		{D125B3CE-800A-48C7-8767-B9E1B1F531EA}.Debug|Mixed Platforms.Build.0 = Debug|Win32
		{D125B3CE-800A-48C7-8767-B9E1B1F531EA}.Debug|Win32.ActiveCfg = Debug|Win32
		{D125B3CE-800A-48C7-8767-B9E1B1F531EA}.Debug|Win32.Build.0 = Debug|Win32
		{D125B3CE-800A-48C7-8767-B9E1B1F531EA}.Release|Any CPU.ActiveCfg = Release|Win32
		{D125B3CE-800A-48C7-8767-B9E1B1F531EA}.Release|Mixed Platforms.ActiveCfg = Release|Win32
		{D125B3CE-800A-48C7-8767-B9E1B1F531EA}.Release|Mixed Platforms.Build.0 = Release|Win32
		{D125B3CE-800A-48C7-8767-B9E1B1F531EA}.Release|Win32.ActiveCfg = Release|Win32
		{D125B3CE-800A-48C7-8767-B9E1B1F531EA}.Release|Win32.Build.0 = Release|Win32
		{B963C265-5AB0-49E2-8001-4119BB15E3E1}.Debug|Any CPU.ActiveCfg = Debug|Win32
		{B963C265-5AB0-49E2-8001-4119BB15E3E1}.Debug|Mixed Platforms.ActiveCfg = Debug|Win32
		{B963C265-5AB0-49E2-8001-4119BB15E3E1}.Debug|Mixed Platforms.Build.0 = Debug|Win32
		{B963C265-5AB0-49E2-8001-4119BB15E3E1}.Debug|Win32.ActiveCfg = Debug|Win32
		{B963C265-5AB0-49E2-8001-4119BB15E3E1}.Debug|Win32.Build.0 = Debug|Win32
		{B963C265-5AB0-49E2-8001-4119BB15E3E1}.Release|Any CPU.ActiveCfg = Release|Win32
		{B963C265-5AB0-49E2-8001-4119BB15E3E1}.Release|Mixed Platforms.ActiveCfg = Release|Win32
		{B963C265-5AB0-49E2-8001-4119BB15E3E1}.Release|Mixed Platforms.Build.0 = Release|Win32
		{B963C265-5AB0-49E2-8001-4119BB15E3E1}.Release|Win32.ActiveCfg = Release|Win32
		{B963C265-5AB0-49E2-8001-4119BB15E3E1}.Release|Win32.Build.0 = Release|Win32
		{B77A5B70-B344-4989-B32B-2A760729B1B3}.Debug|Any CPU.ActiveCfg = Debug|Win32
		{B77A5B70-B344-4989-B32B-2A760729B1B3}.Debug|Mixed Platforms.ActiveCfg = Debug|Win32
		{B77A5B70-B344-4989-B32B-2A760729B1B3}.Debug|Mixed Platforms.Build.0 = Debug|Win32
		{B77A5B70-B344-4989-B32B-2A760729B1B3}.Debug|Win32.ActiveCfg = Debug|Win32
		{B77A5B70-B344-4989-B32B-2A760729B1B3}.Debug|Win32.Build.0 = Debug|Win32
		{B77A5B70-B344-4989-B32B-2A760729B1B3}.Release|Any CPU.ActiveCfg = Release|Win32
		{B77A5B70-B344-4989-B32B-2A760729B1B3}.Release|Mixed Platforms.ActiveCfg = Release|Win32
		{B77A5B70-B344-4989-B32B-2A760729B1B3}.Release|Mixed Platforms.Build.0 = Release|Win32
		{B77A5B70-B344-4989-B32B-2A760729B1B3}.Release|Win32.ActiveCfg = Release|Win32
		{B77A5B70-B344-4989-B32B-2A760729B1B3}.Release|Win32.Build.0 = Release|Win32
		{84943BEB-B38C-4546-8F59-2A1A2B2079FF}.Debug|Any CPU.ActiveCfg = Debug|Win32
		{84943BEB-B38C-4546-8F59-2A1A2B2079FF}.Debug|Mixed Platforms.ActiveCfg = Debug|Win32
		{84943BEB-B38C-4546-8F59-2A1A2B2079FF}.Debug|Mixed Platforms.Build.0 = Debug|Win32
		{84943BEB-B38C-4546-8F59-2A1A2B2079FF}.Debug|Win32.ActiveCfg = Debug|Win32
		{84943BEB-B38C-4546-8F59-2A1A2B2079FF}.Debug|Win32.Build.0 = Debug|Win32
		{84943BEB-B38C-4546-8F59-2A1A2B2079FF}.Release|Any CPU.ActiveCfg = Release|Win32
		{84943BEB-B38C-4546-8F59-2A1A2B2079FF}.Release|Mixed Platforms.ActiveCfg = Release|Win32
		{84943BEB-B38C-4546-8F59-2A1A2B2079FF}.Release|Mixed Platforms.Build.0 = Release|Win32
		{84943BEB-B38C-4546-8F59-2A1A2B2079FF}.Release|Win32.ActiveCfg = Release|Win32
		{84943BEB-B38C-4546-8F59-2A1A2B2079FF}.Release|Win32.Build.0 = Release|Win32
		{CBB40B0F-A1AA-46EA-9A4E-76D6DABE46F6}.Debug|Any CPU.ActiveCfg = Debug|Any CPU
		{CBB40B0F-A1AA-46EA-9A4E-76D6DABE46F6}.Debug|Any CPU.Build.0 = Debug|Any CPU
		{CBB40B0F-A1AA-46EA-9A4E-76D6DABE46F6}.Debug|Mixed Platforms.ActiveCfg = Debug|Any CPU
		{CBB40B0F-A1AA-46EA-9A4E-76D6DABE46F6}.Debug|Mixed Platforms.Build.0 = Debug|Any CPU
		{CBB40B0F-A1AA-46EA-9A4E-76D6DABE46F6}.Debug|Win32.ActiveCfg = Debug|Any CPU
		{CBB40B0F-A1AA-46EA-9A4E-76D6DABE46F6}.Release|Any CPU.ActiveCfg = Release|Any CPU
		{CBB40B0F-A1AA-46EA-9A4E-76D6DABE46F6}.Release|Any CPU.Build.0 = Release|Any CPU
		{CBB40B0F-A1AA-46EA-9A4E-76D6DABE46F6}.Release|Mixed Platforms.ActiveCfg = Release|Any CPU
		{CBB40B0F-A1AA-46EA-9A4E-76D6DABE46F6}.Release|Mixed Platforms.Build.0 = Release|Any CPU
		{CBB40B0F-A1AA-46EA-9A4E-76D6DABE46F6}.Release|Win32.ActiveCfg = Release|Any CPU
		{23499890-263E-46D1-A44D-EE7A48B65116}.Debug|Any CPU.ActiveCfg = Debug|Any CPU
		{23499890-263E-46D1-A44D-EE7A48B65116}.Debug|Any CPU.Build.0 = Debug|Any CPU
		{23499890-263E-46D1-A44D-EE7A48B65116}.Debug|Mixed Platforms.ActiveCfg = Debug|Any CPU
		{23499890-263E-46D1-A44D-EE7A48B65116}.Debug|Mixed Platforms.Build.0 = Debug|Any CPU
		{23499890-263E-46D1-A44D-EE7A48B65116}.Debug|Win32.ActiveCfg = Debug|Any CPU
		{23499890-263E-46D1-A44D-EE7A48B65116}.Release|Any CPU.ActiveCfg = Release|Any CPU
		{23499890-263E-46D1-A44D-EE7A48B65116}.Release|Any CPU.Build.0 = Release|Any CPU
		{23499890-263E-46D1-A44D-EE7A48B65116}.Release|Mixed Platforms.ActiveCfg = Release|Any CPU
		{23499890-263E-46D1-A44D-EE7A48B65116}.Release|Mixed Platforms.Build.0 = Release|Any CPU
		{23499890-263E-46D1-A44D-EE7A48B65116}.Release|Win32.ActiveCfg = Release|Any CPU
	EndGlobalSection
	GlobalSection(SolutionProperties) = preSolution
		HideSolutionNode = FALSE
	EndGlobalSection
EndGlobal
