
Microsoft Visual Studio Solution File, Format Version 10.00
# Visual Studio 2008
Project("{8BC9CEB8-8B4A-11D0-8D11-00A0C91BC942}") = "Tools4dll", "..\Miscellaneous\Tools\Tools4dll.vcproj", "{55F970AD-BE1D-4BB3-9FAD-A0BA3BBD7451}"
EndProject
Project("{8BC9CEB8-8B4A-11D0-8D11-00A0C91BC942}") = "uniServer", "..\Miscellaneous\uniServer\uniServer\uniServer.vcproj", "{76917DE1-1F86-4D31-8F34-70558A1DDD98}"
EndProject
Project("{8BC9CEB8-8B4A-11D0-8D11-00A0C91BC942}") = "SvrTcp", "Server\SvrTcp\SvrTcp.vcproj", "{819EEF35-7E8F-4168-9501-9C325AA1CF54}"
	ProjectSection(ProjectDependencies) = postProject
		{55F970AD-BE1D-4BB3-9FAD-A0BA3BBD7451} = {55F970AD-BE1D-4BB3-9FAD-A0BA3BBD7451}
	EndProjectSection
EndProject
Project("{8BC9CEB8-8B4A-11D0-8D11-00A0C91BC942}") = "CommonDef", "CommonDef\CommonDef.vcproj", "{531ED4C0-B496-44FA-9D33-C1963D83E492}"
EndProject
Project("{8BC9CEB8-8B4A-11D0-8D11-00A0C91BC942}") = "SvrLogin", "Server\SvrLogin\SvrLogin.vcproj", "{3A34D278-4593-4311-9F7B-B39A6A1F4F7A}"
	ProjectSection(ProjectDependencies) = postProject
		{FA7B1DF5-04CB-4263-874F-17EF14B670EE} = {FA7B1DF5-04CB-4263-874F-17EF14B670EE}
	EndProjectSection
EndProject
Project("{8BC9CEB8-8B4A-11D0-8D11-00A0C91BC942}") = "SvrFinanceProduct", "Server\SvrFinanceProduct\SvrFinanceProduct.vcproj", "{FBA1EBD7-544D-4ED2-818F-9DA3A53EB341}"
	ProjectSection(ProjectDependencies) = postProject
		{819EEF35-7E8F-4168-9501-9C325AA1CF54} = {819EEF35-7E8F-4168-9501-9C325AA1CF54}
		{FA7B1DF5-04CB-4263-874F-17EF14B670EE} = {FA7B1DF5-04CB-4263-874F-17EF14B670EE}
	EndProjectSection
EndProject
Project("{8BC9CEB8-8B4A-11D0-8D11-00A0C91BC942}") = "SvrMsg", "Server\SvrMsg\SvrMsg.vcproj", "{0B3DEC0B-FA74-4520-9899-643CCA7AB978}"
	ProjectSection(ProjectDependencies) = postProject
		{819EEF35-7E8F-4168-9501-9C325AA1CF54} = {819EEF35-7E8F-4168-9501-9C325AA1CF54}
		{FA7B1DF5-04CB-4263-874F-17EF14B670EE} = {FA7B1DF5-04CB-4263-874F-17EF14B670EE}
	EndProjectSection
EndProject
Project("{8BC9CEB8-8B4A-11D0-8D11-00A0C91BC942}") = "SvrPresentation", "Server\SvrPresentation\SvrPresentation.vcproj", "{936FD6C3-9552-4754-A525-EFC1D66D31A0}"
	ProjectSection(ProjectDependencies) = postProject
		{819EEF35-7E8F-4168-9501-9C325AA1CF54} = {819EEF35-7E8F-4168-9501-9C325AA1CF54}
		{7BC5073E-97B6-45BC-895C-14CE40989963} = {7BC5073E-97B6-45BC-895C-14CE40989963}
		{B47CCB41-0C79-4F7A-BC8B-CE2CF9F5349C} = {B47CCB41-0C79-4F7A-BC8B-CE2CF9F5349C}
		{3A34D278-4593-4311-9F7B-B39A6A1F4F7A} = {3A34D278-4593-4311-9F7B-B39A6A1F4F7A}
		{FBA1EBD7-544D-4ED2-818F-9DA3A53EB341} = {FBA1EBD7-544D-4ED2-818F-9DA3A53EB341}
		{B28724ED-2577-4C96-B6CD-9B3617E9D1C3} = {B28724ED-2577-4C96-B6CD-9B3617E9D1C3}
		{FA7B1DF5-04CB-4263-874F-17EF14B670EE} = {FA7B1DF5-04CB-4263-874F-17EF14B670EE}
	EndProjectSection
EndProject
Project("{8BC9CEB8-8B4A-11D0-8D11-00A0C91BC942}") = "SvrRisk", "Server\SvrRisk\SvrRisk.vcproj", "{7E551AD3-C406-4F58-BE54-CD2141967F03}"
	ProjectSection(ProjectDependencies) = postProject
		{0B3DEC0B-FA74-4520-9899-643CCA7AB978} = {0B3DEC0B-FA74-4520-9899-643CCA7AB978}
		{DAAA4518-C957-463C-A2A9-71FD945A485B} = {DAAA4518-C957-463C-A2A9-71FD945A485B}
		{7BC5073E-97B6-45BC-895C-14CE40989963} = {7BC5073E-97B6-45BC-895C-14CE40989963}
	EndProjectSection
EndProject
Project("{8BC9CEB8-8B4A-11D0-8D11-00A0C91BC942}") = "SvrSettlement", "Server\SvrSettlement\SvrSettlement.vcproj", "{11E45981-3DF7-47A7-BA37-547BE388214F}"
	ProjectSection(ProjectDependencies) = postProject
		{819EEF35-7E8F-4168-9501-9C325AA1CF54} = {819EEF35-7E8F-4168-9501-9C325AA1CF54}
		{7BC5073E-97B6-45BC-895C-14CE40989963} = {7BC5073E-97B6-45BC-895C-14CE40989963}
	EndProjectSection
EndProject
Project("{8BC9CEB8-8B4A-11D0-8D11-00A0C91BC942}") = "SvrStatistics", "Server\SvrStatistics\SvrStatistics.vcproj", "{46BA82F8-8233-4FD5-A9E7-ABA3AA1C929C}"
	ProjectSection(ProjectDependencies) = postProject
		{7BEA000C-538C-4618-BBD0-1BB927C2CF79} = {7BEA000C-538C-4618-BBD0-1BB927C2CF79}
		{7BC5073E-97B6-45BC-895C-14CE40989963} = {7BC5073E-97B6-45BC-895C-14CE40989963}
		{FBA1EBD7-544D-4ED2-818F-9DA3A53EB341} = {FBA1EBD7-544D-4ED2-818F-9DA3A53EB341}
	EndProjectSection
EndProject
Project("{8BC9CEB8-8B4A-11D0-8D11-00A0C91BC942}") = "SvrTradeData", "Server\SvrTradeData\SvrTradeData.vcproj", "{7BC5073E-97B6-45BC-895C-14CE40989963}"
	ProjectSection(ProjectDependencies) = postProject
		{819EEF35-7E8F-4168-9501-9C325AA1CF54} = {819EEF35-7E8F-4168-9501-9C325AA1CF54}
		{B47CCB41-0C79-4F7A-BC8B-CE2CF9F5349C} = {B47CCB41-0C79-4F7A-BC8B-CE2CF9F5349C}
		{3A34D278-4593-4311-9F7B-B39A6A1F4F7A} = {3A34D278-4593-4311-9F7B-B39A6A1F4F7A}
		{52BC9FBA-6B87-4DB9-9AFA-9C119DEF23C1} = {52BC9FBA-6B87-4DB9-9AFA-9C119DEF23C1}
		{03C9CCA4-EEBD-4320-98D6-838774CFFA46} = {03C9CCA4-EEBD-4320-98D6-838774CFFA46}
		{B28724ED-2577-4C96-B6CD-9B3617E9D1C3} = {B28724ED-2577-4C96-B6CD-9B3617E9D1C3}
		{FA7B1DF5-04CB-4263-874F-17EF14B670EE} = {FA7B1DF5-04CB-4263-874F-17EF14B670EE}
	EndProjectSection
EndProject
Project("{8BC9CEB8-8B4A-11D0-8D11-00A0C91BC942}") = "SvrTradingStrategy", "Server\SvrTradingStrategy\SvrTradingStrategy.vcproj", "{7BEA000C-538C-4618-BBD0-1BB927C2CF79}"
	ProjectSection(ProjectDependencies) = postProject
		{819EEF35-7E8F-4168-9501-9C325AA1CF54} = {819EEF35-7E8F-4168-9501-9C325AA1CF54}
		{FA7B1DF5-04CB-4263-874F-17EF14B670EE} = {FA7B1DF5-04CB-4263-874F-17EF14B670EE}
	EndProjectSection
EndProject
Project("{8BC9CEB8-8B4A-11D0-8D11-00A0C91BC942}") = "SvrTSS", "Server\SvrTSS\SvrTSS.vcproj", "{A99E7378-93CC-4BD5-9E81-4C03E49E609F}"
	ProjectSection(ProjectDependencies) = postProject
		{DAAA4518-C957-463C-A2A9-71FD945A485B} = {DAAA4518-C957-463C-A2A9-71FD945A485B}
	EndProjectSection
EndProject
Project("{8BC9CEB8-8B4A-11D0-8D11-00A0C91BC942}") = "SvrUserOrg", "Server\SvrUserOrg\SvrUserOrg.vcproj", "{FA7B1DF5-04CB-4263-874F-17EF14B670EE}"
	ProjectSection(ProjectDependencies) = postProject
		{B47CCB41-0C79-4F7A-BC8B-CE2CF9F5349C} = {B47CCB41-0C79-4F7A-BC8B-CE2CF9F5349C}
		{52BC9FBA-6B87-4DB9-9AFA-9C119DEF23C1} = {52BC9FBA-6B87-4DB9-9AFA-9C119DEF23C1}
	EndProjectSection
EndProject
Project("{8BC9CEB8-8B4A-11D0-8D11-00A0C91BC942}") = "SvrTemplate", "Server\SvrTemplate\SvrTemplate.vcproj", "{E41683EF-74D1-4955-AAEF-3D6CCAB06ACF}"
EndProject
Project("{8BC9CEB8-8B4A-11D0-8D11-00A0C91BC942}") = "SvrDBOpr", "Server\SvrDBOpr\SvrDBOpr.vcproj", "{52BC9FBA-6B87-4DB9-9AFA-9C119DEF23C1}"
EndProject
Project("{8BC9CEB8-8B4A-11D0-8D11-00A0C91BC942}") = "SvrNotifyAndAsk", "Server\SvrNotifyAndAsk\SvrNotifyAndAsk.vcproj", "{B28724ED-2577-4C96-B6CD-9B3617E9D1C3}"
	ProjectSection(ProjectDependencies) = postProject
		{819EEF35-7E8F-4168-9501-9C325AA1CF54} = {819EEF35-7E8F-4168-9501-9C325AA1CF54}
		{55F970AD-BE1D-4BB3-9FAD-A0BA3BBD7451} = {55F970AD-BE1D-4BB3-9FAD-A0BA3BBD7451}
	EndProjectSection
EndProject
Project("{8BC9CEB8-8B4A-11D0-8D11-00A0C91BC942}") = "SvrBrokerInfo", "Server\SvrBrokerInfo\SvrBrokerInfo.vcproj", "{B47CCB41-0C79-4F7A-BC8B-CE2CF9F5349C}"
	ProjectSection(ProjectDependencies) = postProject
		{819EEF35-7E8F-4168-9501-9C325AA1CF54} = {819EEF35-7E8F-4168-9501-9C325AA1CF54}
		{52BC9FBA-6B87-4DB9-9AFA-9C119DEF23C1} = {52BC9FBA-6B87-4DB9-9AFA-9C119DEF23C1}
	EndProjectSection
EndProject
Project("{8BC9CEB8-8B4A-11D0-8D11-00A0C91BC942}") = "PlatformDataMgr4dll", "..\FastTrader\PlatformDataMgr\PlatformDataMgr4dll.vcproj", "{03C9CCA4-EEBD-4320-98D6-838774CFFA46}"
EndProject
Project("{8BC9CEB8-8B4A-11D0-8D11-00A0C91BC942}") = "SvrTradeExcute", "Server\SvrTradeExcute\SvrTradeExcue.vcproj", "{DAAA4518-C957-463C-A2A9-71FD945A485B}"
	ProjectSection(ProjectDependencies) = postProject
		{819EEF35-7E8F-4168-9501-9C325AA1CF54} = {819EEF35-7E8F-4168-9501-9C325AA1CF54}
		{7BC5073E-97B6-45BC-895C-14CE40989963} = {7BC5073E-97B6-45BC-895C-14CE40989963}
		{B47CCB41-0C79-4F7A-BC8B-CE2CF9F5349C} = {B47CCB41-0C79-4F7A-BC8B-CE2CF9F5349C}
		{3A34D278-4593-4311-9F7B-B39A6A1F4F7A} = {3A34D278-4593-4311-9F7B-B39A6A1F4F7A}
		{25FF447F-BCBA-4565-8833-400BA47BBE2C} = {25FF447F-BCBA-4565-8833-400BA47BBE2C}
		{52BC9FBA-6B87-4DB9-9AFA-9C119DEF23C1} = {52BC9FBA-6B87-4DB9-9AFA-9C119DEF23C1}
		{B28724ED-2577-4C96-B6CD-9B3617E9D1C3} = {B28724ED-2577-4C96-B6CD-9B3617E9D1C3}
		{FA7B1DF5-04CB-4263-874F-17EF14B670EE} = {FA7B1DF5-04CB-4263-874F-17EF14B670EE}
	EndProjectSection
EndProject
Project("{8BC9CEB8-8B4A-11D0-8D11-00A0C91BC942}") = "SvrSimulateTrade", "Server\SvrSimulateTrade\SvrSimulateTrade.vcproj", "{89AF41DF-972B-4858-BD6E-7AF8837FD840}"
EndProject
Project("{8BC9CEB8-8B4A-11D0-8D11-00A0C91BC942}") = "SvrOffer", "Server\SvrOffer\SvrOffer_Simu.vcproj", "{25FF447F-BCBA-4565-8833-400BA47BBE2C}"
EndProject
Project("{8BC9CEB8-8B4A-11D0-8D11-00A0C91BC942}") = "SvrQuotServer", "Server\SvrQuotServer\SvrQuotServer_simu.vcproj", "{BF3237A7-C21A-4088-A302-BB7220F7BBAE}"
EndProject
Global
	GlobalSection(SolutionConfigurationPlatforms) = preSolution
		Debug|Any CPU = Debug|Any CPU
		Debug|Mixed Platforms = Debug|Mixed Platforms
		Debug|Win32 = Debug|Win32
		Release|Any CPU = Release|Any CPU
		Release|Mixed Platforms = Release|Mixed Platforms
		Release|Win32 = Release|Win32
	EndGlobalSection
	GlobalSection(ProjectConfigurationPlatforms) = postSolution
		{55F970AD-BE1D-4BB3-9FAD-A0BA3BBD7451}.Debug|Any CPU.ActiveCfg = Debug|Win32
		{55F970AD-BE1D-4BB3-9FAD-A0BA3BBD7451}.Debug|Mixed Platforms.ActiveCfg = Debug|Win32
		{55F970AD-BE1D-4BB3-9FAD-A0BA3BBD7451}.Debug|Mixed Platforms.Build.0 = Debug|Win32
		{55F970AD-BE1D-4BB3-9FAD-A0BA3BBD7451}.Debug|Win32.ActiveCfg = Debug|Win32
		{55F970AD-BE1D-4BB3-9FAD-A0BA3BBD7451}.Debug|Win32.Build.0 = Debug|Win32
		{55F970AD-BE1D-4BB3-9FAD-A0BA3BBD7451}.Release|Any CPU.ActiveCfg = Release|Win32
		{55F970AD-BE1D-4BB3-9FAD-A0BA3BBD7451}.Release|Mixed Platforms.ActiveCfg = Release|Win32
		{55F970AD-BE1D-4BB3-9FAD-A0BA3BBD7451}.Release|Mixed Platforms.Build.0 = Release|Win32
		{55F970AD-BE1D-4BB3-9FAD-A0BA3BBD7451}.Release|Win32.ActiveCfg = Release|Win32
		{55F970AD-BE1D-4BB3-9FAD-A0BA3BBD7451}.Release|Win32.Build.0 = Release|Win32
		{76917DE1-1F86-4D31-8F34-70558A1DDD98}.Debug|Any CPU.ActiveCfg = Debug|Win32
		{76917DE1-1F86-4D31-8F34-70558A1DDD98}.Debug|Mixed Platforms.ActiveCfg = Debug|Win32
		{76917DE1-1F86-4D31-8F34-70558A1DDD98}.Debug|Mixed Platforms.Build.0 = Debug|Win32
		{76917DE1-1F86-4D31-8F34-70558A1DDD98}.Debug|Win32.ActiveCfg = Debug|Win32
		{76917DE1-1F86-4D31-8F34-70558A1DDD98}.Debug|Win32.Build.0 = Debug|Win32
		{76917DE1-1F86-4D31-8F34-70558A1DDD98}.Release|Any CPU.ActiveCfg = Release|Win32
		{76917DE1-1F86-4D31-8F34-70558A1DDD98}.Release|Mixed Platforms.ActiveCfg = Release|Win32
		{76917DE1-1F86-4D31-8F34-70558A1DDD98}.Release|Mixed Platforms.Build.0 = Release|Win32
		{76917DE1-1F86-4D31-8F34-70558A1DDD98}.Release|Win32.ActiveCfg = Release|Win32
		{76917DE1-1F86-4D31-8F34-70558A1DDD98}.Release|Win32.Build.0 = Release|Win32
		{819EEF35-7E8F-4168-9501-9C325AA1CF54}.Debug|Any CPU.ActiveCfg = Debug|Win32
		{819EEF35-7E8F-4168-9501-9C325AA1CF54}.Debug|Mixed Platforms.ActiveCfg = Debug|Win32
		{819EEF35-7E8F-4168-9501-9C325AA1CF54}.Debug|Mixed Platforms.Build.0 = Debug|Win32
		{819EEF35-7E8F-4168-9501-9C325AA1CF54}.Debug|Win32.ActiveCfg = Debug|Win32
		{819EEF35-7E8F-4168-9501-9C325AA1CF54}.Debug|Win32.Build.0 = Debug|Win32
		{819EEF35-7E8F-4168-9501-9C325AA1CF54}.Release|Any CPU.ActiveCfg = Release|Win32
		{819EEF35-7E8F-4168-9501-9C325AA1CF54}.Release|Mixed Platforms.ActiveCfg = Release|Win32
		{819EEF35-7E8F-4168-9501-9C325AA1CF54}.Release|Mixed Platforms.Build.0 = Release|Win32
		{819EEF35-7E8F-4168-9501-9C325AA1CF54}.Release|Win32.ActiveCfg = Release|Win32
		{819EEF35-7E8F-4168-9501-9C325AA1CF54}.Release|Win32.Build.0 = Release|Win32
		{531ED4C0-B496-44FA-9D33-C1963D83E492}.Debug|Any CPU.ActiveCfg = Debug|Win32
		{531ED4C0-B496-44FA-9D33-C1963D83E492}.Debug|Mixed Platforms.ActiveCfg = Debug|Win32
		{531ED4C0-B496-44FA-9D33-C1963D83E492}.Debug|Mixed Platforms.Build.0 = Debug|Win32
		{531ED4C0-B496-44FA-9D33-C1963D83E492}.Debug|Win32.ActiveCfg = Debug|Win32
		{531ED4C0-B496-44FA-9D33-C1963D83E492}.Debug|Win32.Build.0 = Debug|Win32
		{531ED4C0-B496-44FA-9D33-C1963D83E492}.Release|Any CPU.ActiveCfg = Release|Win32
		{531ED4C0-B496-44FA-9D33-C1963D83E492}.Release|Mixed Platforms.ActiveCfg = Release|Win32
		{531ED4C0-B496-44FA-9D33-C1963D83E492}.Release|Mixed Platforms.Build.0 = Release|Win32
		{531ED4C0-B496-44FA-9D33-C1963D83E492}.Release|Win32.ActiveCfg = Release|Win32
		{531ED4C0-B496-44FA-9D33-C1963D83E492}.Release|Win32.Build.0 = Release|Win32
		{3A34D278-4593-4311-9F7B-B39A6A1F4F7A}.Debug|Any CPU.ActiveCfg = Debug|Win32
		{3A34D278-4593-4311-9F7B-B39A6A1F4F7A}.Debug|Mixed Platforms.ActiveCfg = Debug|Win32
		{3A34D278-4593-4311-9F7B-B39A6A1F4F7A}.Debug|Mixed Platforms.Build.0 = Debug|Win32
		{3A34D278-4593-4311-9F7B-B39A6A1F4F7A}.Debug|Win32.ActiveCfg = Debug|Win32
		{3A34D278-4593-4311-9F7B-B39A6A1F4F7A}.Debug|Win32.Build.0 = Debug|Win32
		{3A34D278-4593-4311-9F7B-B39A6A1F4F7A}.Release|Any CPU.ActiveCfg = Release|Win32
		{3A34D278-4593-4311-9F7B-B39A6A1F4F7A}.Release|Mixed Platforms.ActiveCfg = Release|Win32
		{3A34D278-4593-4311-9F7B-B39A6A1F4F7A}.Release|Mixed Platforms.Build.0 = Release|Win32
		{3A34D278-4593-4311-9F7B-B39A6A1F4F7A}.Release|Win32.ActiveCfg = Release|Win32
		{3A34D278-4593-4311-9F7B-B39A6A1F4F7A}.Release|Win32.Build.0 = Release|Win32
		{FBA1EBD7-544D-4ED2-818F-9DA3A53EB341}.Debug|Any CPU.ActiveCfg = Debug|Win32
		{FBA1EBD7-544D-4ED2-818F-9DA3A53EB341}.Debug|Mixed Platforms.ActiveCfg = Debug|Win32
		{FBA1EBD7-544D-4ED2-818F-9DA3A53EB341}.Debug|Mixed Platforms.Build.0 = Debug|Win32
		{FBA1EBD7-544D-4ED2-818F-9DA3A53EB341}.Debug|Win32.ActiveCfg = Debug|Win32
		{FBA1EBD7-544D-4ED2-818F-9DA3A53EB341}.Debug|Win32.Build.0 = Debug|Win32
		{FBA1EBD7-544D-4ED2-818F-9DA3A53EB341}.Release|Any CPU.ActiveCfg = Release|Win32
		{FBA1EBD7-544D-4ED2-818F-9DA3A53EB341}.Release|Mixed Platforms.ActiveCfg = Release|Win32
		{FBA1EBD7-544D-4ED2-818F-9DA3A53EB341}.Release|Mixed Platforms.Build.0 = Release|Win32
		{FBA1EBD7-544D-4ED2-818F-9DA3A53EB341}.Release|Win32.ActiveCfg = Release|Win32
		{FBA1EBD7-544D-4ED2-818F-9DA3A53EB341}.Release|Win32.Build.0 = Release|Win32
		{0B3DEC0B-FA74-4520-9899-643CCA7AB978}.Debug|Any CPU.ActiveCfg = Debug|Win32
		{0B3DEC0B-FA74-4520-9899-643CCA7AB978}.Debug|Mixed Platforms.ActiveCfg = Debug|Win32
		{0B3DEC0B-FA74-4520-9899-643CCA7AB978}.Debug|Mixed Platforms.Build.0 = Debug|Win32
		{0B3DEC0B-FA74-4520-9899-643CCA7AB978}.Debug|Win32.ActiveCfg = Debug|Win32
		{0B3DEC0B-FA74-4520-9899-643CCA7AB978}.Debug|Win32.Build.0 = Debug|Win32
		{0B3DEC0B-FA74-4520-9899-643CCA7AB978}.Release|Any CPU.ActiveCfg = Release|Win32
		{0B3DEC0B-FA74-4520-9899-643CCA7AB978}.Release|Mixed Platforms.ActiveCfg = Release|Win32
		{0B3DEC0B-FA74-4520-9899-643CCA7AB978}.Release|Mixed Platforms.Build.0 = Release|Win32
		{0B3DEC0B-FA74-4520-9899-643CCA7AB978}.Release|Win32.ActiveCfg = Release|Win32
		{0B3DEC0B-FA74-4520-9899-643CCA7AB978}.Release|Win32.Build.0 = Release|Win32
		{936FD6C3-9552-4754-A525-EFC1D66D31A0}.Debug|Any CPU.ActiveCfg = Debug|Win32
		{936FD6C3-9552-4754-A525-EFC1D66D31A0}.Debug|Mixed Platforms.ActiveCfg = Debug|Win32
		{936FD6C3-9552-4754-A525-EFC1D66D31A0}.Debug|Mixed Platforms.Build.0 = Debug|Win32
		{936FD6C3-9552-4754-A525-EFC1D66D31A0}.Debug|Win32.ActiveCfg = Debug|Win32
		{936FD6C3-9552-4754-A525-EFC1D66D31A0}.Debug|Win32.Build.0 = Debug|Win32
		{936FD6C3-9552-4754-A525-EFC1D66D31A0}.Release|Any CPU.ActiveCfg = Release|Win32
		{936FD6C3-9552-4754-A525-EFC1D66D31A0}.Release|Mixed Platforms.ActiveCfg = Release|Win32
		{936FD6C3-9552-4754-A525-EFC1D66D31A0}.Release|Mixed Platforms.Build.0 = Release|Win32
		{936FD6C3-9552-4754-A525-EFC1D66D31A0}.Release|Win32.ActiveCfg = Release|Win32
		{936FD6C3-9552-4754-A525-EFC1D66D31A0}.Release|Win32.Build.0 = Release|Win32
		{7E551AD3-C406-4F58-BE54-CD2141967F03}.Debug|Any CPU.ActiveCfg = Debug|Win32
		{7E551AD3-C406-4F58-BE54-CD2141967F03}.Debug|Mixed Platforms.ActiveCfg = Debug|Win32
		{7E551AD3-C406-4F58-BE54-CD2141967F03}.Debug|Mixed Platforms.Build.0 = Debug|Win32
		{7E551AD3-C406-4F58-BE54-CD2141967F03}.Debug|Win32.ActiveCfg = Debug|Win32
		{7E551AD3-C406-4F58-BE54-CD2141967F03}.Debug|Win32.Build.0 = Debug|Win32
		{7E551AD3-C406-4F58-BE54-CD2141967F03}.Release|Any CPU.ActiveCfg = Release|Win32
		{7E551AD3-C406-4F58-BE54-CD2141967F03}.Release|Mixed Platforms.ActiveCfg = Release|Win32
		{7E551AD3-C406-4F58-BE54-CD2141967F03}.Release|Mixed Platforms.Build.0 = Release|Win32
		{7E551AD3-C406-4F58-BE54-CD2141967F03}.Release|Win32.ActiveCfg = Release|Win32
		{7E551AD3-C406-4F58-BE54-CD2141967F03}.Release|Win32.Build.0 = Release|Win32
		{11E45981-3DF7-47A7-BA37-547BE388214F}.Debug|Any CPU.ActiveCfg = Debug|Win32
		{11E45981-3DF7-47A7-BA37-547BE388214F}.Debug|Mixed Platforms.ActiveCfg = Debug|Win32
		{11E45981-3DF7-47A7-BA37-547BE388214F}.Debug|Mixed Platforms.Build.0 = Debug|Win32
		{11E45981-3DF7-47A7-BA37-547BE388214F}.Debug|Win32.ActiveCfg = Debug|Win32
		{11E45981-3DF7-47A7-BA37-547BE388214F}.Debug|Win32.Build.0 = Debug|Win32
		{11E45981-3DF7-47A7-BA37-547BE388214F}.Release|Any CPU.ActiveCfg = Release|Win32
		{11E45981-3DF7-47A7-BA37-547BE388214F}.Release|Mixed Platforms.ActiveCfg = Release|Win32
		{11E45981-3DF7-47A7-BA37-547BE388214F}.Release|Mixed Platforms.Build.0 = Release|Win32
		{11E45981-3DF7-47A7-BA37-547BE388214F}.Release|Win32.ActiveCfg = Release|Win32
		{11E45981-3DF7-47A7-BA37-547BE388214F}.Release|Win32.Build.0 = Release|Win32
		{46BA82F8-8233-4FD5-A9E7-ABA3AA1C929C}.Debug|Any CPU.ActiveCfg = Debug|Win32
		{46BA82F8-8233-4FD5-A9E7-ABA3AA1C929C}.Debug|Mixed Platforms.ActiveCfg = Debug|Win32
		{46BA82F8-8233-4FD5-A9E7-ABA3AA1C929C}.Debug|Mixed Platforms.Build.0 = Debug|Win32
		{46BA82F8-8233-4FD5-A9E7-ABA3AA1C929C}.Debug|Win32.ActiveCfg = Debug|Win32
		{46BA82F8-8233-4FD5-A9E7-ABA3AA1C929C}.Debug|Win32.Build.0 = Debug|Win32
		{46BA82F8-8233-4FD5-A9E7-ABA3AA1C929C}.Release|Any CPU.ActiveCfg = Release|Win32
		{46BA82F8-8233-4FD5-A9E7-ABA3AA1C929C}.Release|Mixed Platforms.ActiveCfg = Release|Win32
		{46BA82F8-8233-4FD5-A9E7-ABA3AA1C929C}.Release|Mixed Platforms.Build.0 = Release|Win32
		{46BA82F8-8233-4FD5-A9E7-ABA3AA1C929C}.Release|Win32.ActiveCfg = Release|Win32
		{46BA82F8-8233-4FD5-A9E7-ABA3AA1C929C}.Release|Win32.Build.0 = Release|Win32
		{7BC5073E-97B6-45BC-895C-14CE40989963}.Debug|Any CPU.ActiveCfg = Debug|Win32
		{7BC5073E-97B6-45BC-895C-14CE40989963}.Debug|Mixed Platforms.ActiveCfg = Debug|Win32
		{7BC5073E-97B6-45BC-895C-14CE40989963}.Debug|Mixed Platforms.Build.0 = Debug|Win32
		{7BC5073E-97B6-45BC-895C-14CE40989963}.Debug|Win32.ActiveCfg = Debug|Win32
		{7BC5073E-97B6-45BC-895C-14CE40989963}.Debug|Win32.Build.0 = Debug|Win32
		{7BC5073E-97B6-45BC-895C-14CE40989963}.Release|Any CPU.ActiveCfg = Release|Win32
		{7BC5073E-97B6-45BC-895C-14CE40989963}.Release|Mixed Platforms.ActiveCfg = Release|Win32
		{7BC5073E-97B6-45BC-895C-14CE40989963}.Release|Mixed Platforms.Build.0 = Release|Win32
		{7BC5073E-97B6-45BC-895C-14CE40989963}.Release|Win32.ActiveCfg = Release|Win32
		{7BC5073E-97B6-45BC-895C-14CE40989963}.Release|Win32.Build.0 = Release|Win32
		{7BEA000C-538C-4618-BBD0-1BB927C2CF79}.Debug|Any CPU.ActiveCfg = Debug|Win32
		{7BEA000C-538C-4618-BBD0-1BB927C2CF79}.Debug|Mixed Platforms.ActiveCfg = Debug|Win32
		{7BEA000C-538C-4618-BBD0-1BB927C2CF79}.Debug|Mixed Platforms.Build.0 = Debug|Win32
		{7BEA000C-538C-4618-BBD0-1BB927C2CF79}.Debug|Win32.ActiveCfg = Debug|Win32
		{7BEA000C-538C-4618-BBD0-1BB927C2CF79}.Debug|Win32.Build.0 = Debug|Win32
		{7BEA000C-538C-4618-BBD0-1BB927C2CF79}.Release|Any CPU.ActiveCfg = Release|Win32
		{7BEA000C-538C-4618-BBD0-1BB927C2CF79}.Release|Mixed Platforms.ActiveCfg = Release|Win32
		{7BEA000C-538C-4618-BBD0-1BB927C2CF79}.Release|Mixed Platforms.Build.0 = Release|Win32
		{7BEA000C-538C-4618-BBD0-1BB927C2CF79}.Release|Win32.ActiveCfg = Release|Win32
		{7BEA000C-538C-4618-BBD0-1BB927C2CF79}.Release|Win32.Build.0 = Release|Win32
		{A99E7378-93CC-4BD5-9E81-4C03E49E609F}.Debug|Any CPU.ActiveCfg = Debug|Win32
		{A99E7378-93CC-4BD5-9E81-4C03E49E609F}.Debug|Mixed Platforms.ActiveCfg = Debug|Win32
		{A99E7378-93CC-4BD5-9E81-4C03E49E609F}.Debug|Mixed Platforms.Build.0 = Debug|Win32
		{A99E7378-93CC-4BD5-9E81-4C03E49E609F}.Debug|Win32.ActiveCfg = Debug|Win32
		{A99E7378-93CC-4BD5-9E81-4C03E49E609F}.Debug|Win32.Build.0 = Debug|Win32
		{A99E7378-93CC-4BD5-9E81-4C03E49E609F}.Release|Any CPU.ActiveCfg = Release|Win32
		{A99E7378-93CC-4BD5-9E81-4C03E49E609F}.Release|Mixed Platforms.ActiveCfg = Release|Win32
		{A99E7378-93CC-4BD5-9E81-4C03E49E609F}.Release|Mixed Platforms.Build.0 = Release|Win32
		{A99E7378-93CC-4BD5-9E81-4C03E49E609F}.Release|Win32.ActiveCfg = Release|Win32
		{A99E7378-93CC-4BD5-9E81-4C03E49E609F}.Release|Win32.Build.0 = Release|Win32
		{FA7B1DF5-04CB-4263-874F-17EF14B670EE}.Debug|Any CPU.ActiveCfg = Debug|Win32
		{FA7B1DF5-04CB-4263-874F-17EF14B670EE}.Debug|Mixed Platforms.ActiveCfg = Debug|Win32
		{FA7B1DF5-04CB-4263-874F-17EF14B670EE}.Debug|Mixed Platforms.Build.0 = Debug|Win32
		{FA7B1DF5-04CB-4263-874F-17EF14B670EE}.Debug|Win32.ActiveCfg = Debug|Win32
		{FA7B1DF5-04CB-4263-874F-17EF14B670EE}.Debug|Win32.Build.0 = Debug|Win32
		{FA7B1DF5-04CB-4263-874F-17EF14B670EE}.Release|Any CPU.ActiveCfg = Release|Win32
		{FA7B1DF5-04CB-4263-874F-17EF14B670EE}.Release|Mixed Platforms.ActiveCfg = Release|Win32
		{FA7B1DF5-04CB-4263-874F-17EF14B670EE}.Release|Mixed Platforms.Build.0 = Release|Win32
		{FA7B1DF5-04CB-4263-874F-17EF14B670EE}.Release|Win32.ActiveCfg = Release|Win32
		{FA7B1DF5-04CB-4263-874F-17EF14B670EE}.Release|Win32.Build.0 = Release|Win32
		{E41683EF-74D1-4955-AAEF-3D6CCAB06ACF}.Debug|Any CPU.ActiveCfg = Debug|Win32
		{E41683EF-74D1-4955-AAEF-3D6CCAB06ACF}.Debug|Mixed Platforms.ActiveCfg = Debug|Win32
		{E41683EF-74D1-4955-AAEF-3D6CCAB06ACF}.Debug|Mixed Platforms.Build.0 = Debug|Win32
		{E41683EF-74D1-4955-AAEF-3D6CCAB06ACF}.Debug|Win32.ActiveCfg = Debug|Win32
		{E41683EF-74D1-4955-AAEF-3D6CCAB06ACF}.Debug|Win32.Build.0 = Debug|Win32
		{E41683EF-74D1-4955-AAEF-3D6CCAB06ACF}.Release|Any CPU.ActiveCfg = Release|Win32
		{E41683EF-74D1-4955-AAEF-3D6CCAB06ACF}.Release|Mixed Platforms.ActiveCfg = Release|Win32
		{E41683EF-74D1-4955-AAEF-3D6CCAB06ACF}.Release|Mixed Platforms.Build.0 = Release|Win32
		{E41683EF-74D1-4955-AAEF-3D6CCAB06ACF}.Release|Win32.ActiveCfg = Release|Win32
		{E41683EF-74D1-4955-AAEF-3D6CCAB06ACF}.Release|Win32.Build.0 = Release|Win32
		{52BC9FBA-6B87-4DB9-9AFA-9C119DEF23C1}.Debug|Any CPU.ActiveCfg = Debug|Win32
		{52BC9FBA-6B87-4DB9-9AFA-9C119DEF23C1}.Debug|Mixed Platforms.ActiveCfg = Debug|Win32
		{52BC9FBA-6B87-4DB9-9AFA-9C119DEF23C1}.Debug|Mixed Platforms.Build.0 = Debug|Win32
		{52BC9FBA-6B87-4DB9-9AFA-9C119DEF23C1}.Debug|Win32.ActiveCfg = Debug|Win32
		{52BC9FBA-6B87-4DB9-9AFA-9C119DEF23C1}.Debug|Win32.Build.0 = Debug|Win32
		{52BC9FBA-6B87-4DB9-9AFA-9C119DEF23C1}.Release|Any CPU.ActiveCfg = Release|Win32
		{52BC9FBA-6B87-4DB9-9AFA-9C119DEF23C1}.Release|Mixed Platforms.ActiveCfg = Release|Win32
		{52BC9FBA-6B87-4DB9-9AFA-9C119DEF23C1}.Release|Mixed Platforms.Build.0 = Release|Win32
		{52BC9FBA-6B87-4DB9-9AFA-9C119DEF23C1}.Release|Win32.ActiveCfg = Release|Win32
		{52BC9FBA-6B87-4DB9-9AFA-9C119DEF23C1}.Release|Win32.Build.0 = Release|Win32
		{B28724ED-2577-4C96-B6CD-9B3617E9D1C3}.Debug|Any CPU.ActiveCfg = Debug|Win32
		{B28724ED-2577-4C96-B6CD-9B3617E9D1C3}.Debug|Mixed Platforms.ActiveCfg = Debug|Win32
		{B28724ED-2577-4C96-B6CD-9B3617E9D1C3}.Debug|Mixed Platforms.Build.0 = Debug|Win32
		{B28724ED-2577-4C96-B6CD-9B3617E9D1C3}.Debug|Win32.ActiveCfg = Debug|Win32
		{B28724ED-2577-4C96-B6CD-9B3617E9D1C3}.Debug|Win32.Build.0 = Debug|Win32
		{B28724ED-2577-4C96-B6CD-9B3617E9D1C3}.Release|Any CPU.ActiveCfg = Release|Win32
		{B28724ED-2577-4C96-B6CD-9B3617E9D1C3}.Release|Mixed Platforms.ActiveCfg = Release|Win32
		{B28724ED-2577-4C96-B6CD-9B3617E9D1C3}.Release|Mixed Platforms.Build.0 = Release|Win32
		{B28724ED-2577-4C96-B6CD-9B3617E9D1C3}.Release|Win32.ActiveCfg = Release|Win32
		{B28724ED-2577-4C96-B6CD-9B3617E9D1C3}.Release|Win32.Build.0 = Release|Win32
		{B47CCB41-0C79-4F7A-BC8B-CE2CF9F5349C}.Debug|Any CPU.ActiveCfg = Debug|Win32
		{B47CCB41-0C79-4F7A-BC8B-CE2CF9F5349C}.Debug|Mixed Platforms.ActiveCfg = Debug|Win32
		{B47CCB41-0C79-4F7A-BC8B-CE2CF9F5349C}.Debug|Mixed Platforms.Build.0 = Debug|Win32
		{B47CCB41-0C79-4F7A-BC8B-CE2CF9F5349C}.Debug|Win32.ActiveCfg = Debug|Win32
		{B47CCB41-0C79-4F7A-BC8B-CE2CF9F5349C}.Debug|Win32.Build.0 = Debug|Win32
		{B47CCB41-0C79-4F7A-BC8B-CE2CF9F5349C}.Release|Any CPU.ActiveCfg = Release|Win32
		{B47CCB41-0C79-4F7A-BC8B-CE2CF9F5349C}.Release|Mixed Platforms.ActiveCfg = Release|Win32
		{B47CCB41-0C79-4F7A-BC8B-CE2CF9F5349C}.Release|Mixed Platforms.Build.0 = Release|Win32
		{B47CCB41-0C79-4F7A-BC8B-CE2CF9F5349C}.Release|Win32.ActiveCfg = Release|Win32
		{B47CCB41-0C79-4F7A-BC8B-CE2CF9F5349C}.Release|Win32.Build.0 = Release|Win32
		{03C9CCA4-EEBD-4320-98D6-838774CFFA46}.Debug|Any CPU.ActiveCfg = Debug|Win32
		{03C9CCA4-EEBD-4320-98D6-838774CFFA46}.Debug|Mixed Platforms.ActiveCfg = Debug|Win32
		{03C9CCA4-EEBD-4320-98D6-838774CFFA46}.Debug|Mixed Platforms.Build.0 = Debug|Win32
		{03C9CCA4-EEBD-4320-98D6-838774CFFA46}.Debug|Win32.ActiveCfg = Debug|Win32
		{03C9CCA4-EEBD-4320-98D6-838774CFFA46}.Debug|Win32.Build.0 = Debug|Win32
		{03C9CCA4-EEBD-4320-98D6-838774CFFA46}.Release|Any CPU.ActiveCfg = Release|Win32
		{03C9CCA4-EEBD-4320-98D6-838774CFFA46}.Release|Mixed Platforms.ActiveCfg = Release|Win32
		{03C9CCA4-EEBD-4320-98D6-838774CFFA46}.Release|Mixed Platforms.Build.0 = Release|Win32
		{03C9CCA4-EEBD-4320-98D6-838774CFFA46}.Release|Win32.ActiveCfg = Release|Win32
		{03C9CCA4-EEBD-4320-98D6-838774CFFA46}.Release|Win32.Build.0 = Release|Win32
		{DAAA4518-C957-463C-A2A9-71FD945A485B}.Debug|Any CPU.ActiveCfg = Debug|Win32
		{DAAA4518-C957-463C-A2A9-71FD945A485B}.Debug|Mixed Platforms.ActiveCfg = Debug|Win32
		{DAAA4518-C957-463C-A2A9-71FD945A485B}.Debug|Mixed Platforms.Build.0 = Debug|Win32
		{DAAA4518-C957-463C-A2A9-71FD945A485B}.Debug|Win32.ActiveCfg = Debug|Win32
		{DAAA4518-C957-463C-A2A9-71FD945A485B}.Debug|Win32.Build.0 = Debug|Win32
		{DAAA4518-C957-463C-A2A9-71FD945A485B}.Release|Any CPU.ActiveCfg = Release|Win32
		{DAAA4518-C957-463C-A2A9-71FD945A485B}.Release|Mixed Platforms.ActiveCfg = Release|Win32
		{DAAA4518-C957-463C-A2A9-71FD945A485B}.Release|Mixed Platforms.Build.0 = Release|Win32
		{DAAA4518-C957-463C-A2A9-71FD945A485B}.Release|Win32.ActiveCfg = Release|Win32
		{DAAA4518-C957-463C-A2A9-71FD945A485B}.Release|Win32.Build.0 = Release|Win32
		{89AF41DF-972B-4858-BD6E-7AF8837FD840}.Debug|Any CPU.ActiveCfg = Debug|Win32
		{89AF41DF-972B-4858-BD6E-7AF8837FD840}.Debug|Mixed Platforms.ActiveCfg = Debug|Win32
		{89AF41DF-972B-4858-BD6E-7AF8837FD840}.Debug|Mixed Platforms.Build.0 = Debug|Win32
		{89AF41DF-972B-4858-BD6E-7AF8837FD840}.Debug|Win32.ActiveCfg = Debug|Win32
		{89AF41DF-972B-4858-BD6E-7AF8837FD840}.Debug|Win32.Build.0 = Debug|Win32
		{89AF41DF-972B-4858-BD6E-7AF8837FD840}.Release|Any CPU.ActiveCfg = Release|Win32
		{89AF41DF-972B-4858-BD6E-7AF8837FD840}.Release|Mixed Platforms.ActiveCfg = Release|Win32
		{89AF41DF-972B-4858-BD6E-7AF8837FD840}.Release|Mixed Platforms.Build.0 = Release|Win32
		{89AF41DF-972B-4858-BD6E-7AF8837FD840}.Release|Win32.ActiveCfg = Release|Win32
		{89AF41DF-972B-4858-BD6E-7AF8837FD840}.Release|Win32.Build.0 = Release|Win32
		{25FF447F-BCBA-4565-8833-400BA47BBE2C}.Debug|Any CPU.ActiveCfg = Debug|Win32
		{25FF447F-BCBA-4565-8833-400BA47BBE2C}.Debug|Mixed Platforms.ActiveCfg = Debug|Win32
		{25FF447F-BCBA-4565-8833-400BA47BBE2C}.Debug|Mixed Platforms.Build.0 = Debug|Win32
		{25FF447F-BCBA-4565-8833-400BA47BBE2C}.Debug|Win32.ActiveCfg = Debug|Win32
		{25FF447F-BCBA-4565-8833-400BA47BBE2C}.Debug|Win32.Build.0 = Debug|Win32
		{25FF447F-BCBA-4565-8833-400BA47BBE2C}.Release|Any CPU.ActiveCfg = Release|Win32
		{25FF447F-BCBA-4565-8833-400BA47BBE2C}.Release|Mixed Platforms.ActiveCfg = Release|Win32
		{25FF447F-BCBA-4565-8833-400BA47BBE2C}.Release|Mixed Platforms.Build.0 = Release|Win32
		{25FF447F-BCBA-4565-8833-400BA47BBE2C}.Release|Win32.ActiveCfg = Release|Win32
		{25FF447F-BCBA-4565-8833-400BA47BBE2C}.Release|Win32.Build.0 = Release|Win32
		{BF3237A7-C21A-4088-A302-BB7220F7BBAE}.Debug|Any CPU.ActiveCfg = Debug|Win32
		{BF3237A7-C21A-4088-A302-BB7220F7BBAE}.Debug|Mixed Platforms.ActiveCfg = Debug|Win32
		{BF3237A7-C21A-4088-A302-BB7220F7BBAE}.Debug|Mixed Platforms.Build.0 = Debug|Win32
		{BF3237A7-C21A-4088-A302-BB7220F7BBAE}.Debug|Win32.ActiveCfg = Debug|Win32
		{BF3237A7-C21A-4088-A302-BB7220F7BBAE}.Debug|Win32.Build.0 = Debug|Win32
		{BF3237A7-C21A-4088-A302-BB7220F7BBAE}.Release|Any CPU.ActiveCfg = Release|Win32
		{BF3237A7-C21A-4088-A302-BB7220F7BBAE}.Release|Mixed Platforms.ActiveCfg = Release|Win32
		{BF3237A7-C21A-4088-A302-BB7220F7BBAE}.Release|Mixed Platforms.Build.0 = Release|Win32
		{BF3237A7-C21A-4088-A302-BB7220F7BBAE}.Release|Win32.ActiveCfg = Release|Win32
		{BF3237A7-C21A-4088-A302-BB7220F7BBAE}.Release|Win32.Build.0 = Release|Win32
	EndGlobalSection
	GlobalSection(SolutionProperties) = preSolution
		HideSolutionNode = FALSE
	EndGlobalSection
	GlobalSection(PowerDesigner) = preSolution
		HasSWS = 1
	EndGlobalSection
EndGlobal
