
Microsoft Visual Studio Solution File, Format Version 10.00
# Visual Studio 2008
Project("{8BC9CEB8-8B4A-11D0-8D11-00A0C91BC942}") = "OptionQuationTest", "OptionQuationTest.vcproj", "{5542B971-1F97-4DD9-8025-770D47D29FF2}"
EndProject
Project("{8BC9CEB8-8B4A-11D0-8D11-00A0C91BC942}") = "OptionQuation", "..\Module-OptionQuation\OptionQuation.vcproj", "{A5B329DB-1C03-4887-97EB-49BA4E5025D8}"
EndProject
Global
	GlobalSection(SolutionConfigurationPlatforms) = preSolution
		Debug|Win32 = Debug|Win32
		Release|Win32 = Release|Win32
	EndGlobalSection
	GlobalSection(ProjectConfigurationPlatforms) = postSolution
		{5542B971-1F97-4DD9-8025-770D47D29FF2}.Debug|Win32.ActiveCfg = Debug|Win32
		{5542B971-1F97-4DD9-8025-770D47D29FF2}.Debug|Win32.Build.0 = Debug|Win32
		{5542B971-1F97-4DD9-8025-770D47D29FF2}.Release|Win32.ActiveCfg = Release|Win32
		{5542B971-1F97-4DD9-8025-770D47D29FF2}.Release|Win32.Build.0 = Release|Win32
		{A5B329DB-1C03-4887-97EB-49BA4E5025D8}.Debug|Win32.ActiveCfg = Debug|Win32
		{A5B329DB-1C03-4887-97EB-49BA4E5025D8}.Debug|Win32.Build.0 = Debug|Win32
		{A5B329DB-1C03-4887-97EB-49BA4E5025D8}.Release|Win32.ActiveCfg = Release|Win32
		{A5B329DB-1C03-4887-97EB-49BA4E5025D8}.Release|Win32.Build.0 = Release|Win32
	EndGlobalSection
	GlobalSection(SolutionProperties) = preSolution
		HideSolutionNode = FALSE
	EndGlobalSection
EndGlobal
