
Microsoft Visual Studio Solution File, Format Version 10.00
# Visual C++ Express 2008
Project("{8BC9CEB8-8B4A-11D0-8D11-00A0C91BC942}") = "checkservices4ipadsys", "checkservices4ipadsys.vcproj", "{C8124178-6ABF-4B9A-B899-02E394D3FD27}"
EndProject
Project("{8BC9CEB8-8B4A-11D0-8D11-00A0C91BC942}") = "Tools", "..\Tools\Tools.vcproj", "{86E881CD-82F6-46C9-B10F-E05A7E43D14D}"
EndProject
Global
	GlobalSection(SolutionConfigurationPlatforms) = preSolution
		Debug|Win32 = Debug|Win32
		Release|Win32 = Release|Win32
	EndGlobalSection
	GlobalSection(ProjectConfigurationPlatforms) = postSolution
		{C8124178-6ABF-4B9A-B899-02E394D3FD27}.Debug|Win32.ActiveCfg = Debug|Win32
		{C8124178-6ABF-4B9A-B899-02E394D3FD27}.Debug|Win32.Build.0 = Debug|Win32
		{C8124178-6ABF-4B9A-B899-02E394D3FD27}.Release|Win32.ActiveCfg = Release|Win32
		{C8124178-6ABF-4B9A-B899-02E394D3FD27}.Release|Win32.Build.0 = Release|Win32
		{86E881CD-82F6-46C9-B10F-E05A7E43D14D}.Debug|Win32.ActiveCfg = Debug|Win32
		{86E881CD-82F6-46C9-B10F-E05A7E43D14D}.Debug|Win32.Build.0 = Debug|Win32
		{86E881CD-82F6-46C9-B10F-E05A7E43D14D}.Release|Win32.ActiveCfg = Release|Win32
		{86E881CD-82F6-46C9-B10F-E05A7E43D14D}.Release|Win32.Build.0 = Release|Win32
	EndGlobalSection
	GlobalSection(SolutionProperties) = preSolution
		HideSolutionNode = FALSE
	EndGlobalSection
EndGlobal
