
Microsoft Visual Studio Solution File, Format Version 10.00
# Visual Studio 2008
Project("{8BC9CEB8-8B4A-11D0-8D11-00A0C91BC942}") = "CfgMgr", "cfgMgr\CfgMgr.vcproj", "{6E021071-CB33-46D5-B57F-A99600508B3C}"
	ProjectSection(ProjectDependencies) = postProject
		{5A902967-6647-46D1-BDDA-D1ED3A7F9A2D} = {5A902967-6647-46D1-BDDA-D1ED3A7F9A2D}
	EndProjectSection
EndProject
Project("{8BC9CEB8-8B4A-11D0-8D11-00A0C91BC942}") = "zq", "gui\zq.vcproj", "{A37B0FF6-8CB8-4D5C-9F55-CF1BB7AE2C4E}"
	ProjectSection(ProjectDependencies) = postProject
		{644E650B-FDF7-435E-9269-EE7C2C84BF1A} = {644E650B-FDF7-435E-9269-EE7C2C84BF1A}
		{3B5FB413-0A19-466D-962C-A11622AD44F8} = {3B5FB413-0A19-466D-962C-A11622AD44F8}
		{CEF15715-6050-4AD5-98F6-95A12A29B96B} = {CEF15715-6050-4AD5-98F6-95A12A29B96B}
		{541A7527-F2FA-4509-A52A-01E87A6C288C} = {541A7527-F2FA-4509-A52A-01E87A6C288C}
		{3BDA1259-ED25-4408-AF0E-2794EB72623E} = {3BDA1259-ED25-4408-AF0E-2794EB72623E}
		{1BCF9562-5497-4BED-95BA-2ECEDA136948} = {1BCF9562-5497-4BED-95BA-2ECEDA136948}
		{5A902967-6647-46D1-BDDA-D1ED3A7F9A2D} = {5A902967-6647-46D1-BDDA-D1ED3A7F9A2D}
		{FD95C770-9FF2-49CB-A7C7-F1C22B91405C} = {FD95C770-9FF2-49CB-A7C7-F1C22B91405C}
		{6E021071-CB33-46D5-B57F-A99600508B3C} = {6E021071-CB33-46D5-B57F-A99600508B3C}
		{BB038F72-7EBC-4301-A23B-81EC3CC111C1} = {BB038F72-7EBC-4301-A23B-81EC3CC111C1}
		{12A07275-4F39-4F3A-81FE-A77A19FA437E} = {12A07275-4F39-4F3A-81FE-A77A19FA437E}
		{4599C792-7424-470A-AF73-2280B7D82F5F} = {4599C792-7424-470A-AF73-2280B7D82F5F}
		{E916BF9A-7654-402D-9EC5-6C0B521D23D0} = {E916BF9A-7654-402D-9EC5-6C0B521D23D0}
		{E744599D-8E8B-410A-815B-D1AC061F720F} = {E744599D-8E8B-410A-815B-D1AC061F720F}
		{D1D289A2-71B8-4ECF-BB60-5AB9772D89BA} = {D1D289A2-71B8-4ECF-BB60-5AB9772D89BA}
		{DD5971A3-9C90-4A1A-8A4C-A8DD885E1B8E} = {DD5971A3-9C90-4A1A-8A4C-A8DD885E1B8E}
		{D49D1AAD-2422-4CCD-8312-2846EEE6A2E7} = {D49D1AAD-2422-4CCD-8312-2846EEE6A2E7}
		{86E881CD-82F6-46C9-B10F-E05A7E43D14D} = {86E881CD-82F6-46C9-B10F-E05A7E43D14D}
		{7F6640D3-8284-4A17-A720-E3C9374C02FC} = {7F6640D3-8284-4A17-A720-E3C9374C02FC}
		{1901C4D6-42AA-42A4-B9F7-FEFC6F4A46F3} = {1901C4D6-42AA-42A4-B9F7-FEFC6F4A46F3}
		{DB19FED8-DD28-4266-AD5B-CD6C5B4FBB13} = {DB19FED8-DD28-4266-AD5B-CD6C5B4FBB13}
		{8F113FDB-6B0B-4ADF-8431-DBFE0FBAB6FA} = {8F113FDB-6B0B-4ADF-8431-DBFE0FBAB6FA}
		{3144C3DE-65D6-4942-976A-7AE85D8F89CD} = {3144C3DE-65D6-4942-976A-7AE85D8F89CD}
		{EDFDAEF8-C1C7-4A64-B520-AB49C6C9FB8B} = {EDFDAEF8-C1C7-4A64-B520-AB49C6C9FB8B}
		{890E4EF9-6695-414A-AF96-A068D9A7CB70} = {890E4EF9-6695-414A-AF96-A068D9A7CB70}
		{455102FB-F50A-49AC-9BA1-D9AC50EA7D3C} = {455102FB-F50A-49AC-9BA1-D9AC50EA7D3C}
	EndProjectSection
EndProject
Project("{8BC9CEB8-8B4A-11D0-8D11-00A0C91BC942}") = "Module-PositionInfoList", "Module-PositionInfoList\Module-PositionInfoList.vcproj", "{3144C3DE-65D6-4942-976A-7AE85D8F89CD}"
	ProjectSection(ProjectDependencies) = postProject
		{644E650B-FDF7-435E-9269-EE7C2C84BF1A} = {644E650B-FDF7-435E-9269-EE7C2C84BF1A}
	EndProjectSection
EndProject
Project("{8BC9CEB8-8B4A-11D0-8D11-00A0C91BC942}") = "Module-PositionDetailInfoList", "Module-PositionDetailInfoList\Module-PositionDetailInfoList.vcproj", "{1BCF9562-5497-4BED-95BA-2ECEDA136948}"
EndProject
Project("{8BC9CEB8-8B4A-11D0-8D11-00A0C91BC942}") = "Module-MainNoteBook", "Module-MainNoteBook\Module-MainNoteBook.vcproj", "{12A07275-4F39-4F3A-81FE-A77A19FA437E}"
EndProject
Project("{8BC9CEB8-8B4A-11D0-8D11-00A0C91BC942}") = "Module-QuotFrame", "Module-QuotFrame\Module-QuotFrame.vcproj", "{7F6640D3-8284-4A17-A720-E3C9374C02FC}"
EndProject
Project("{8BC9CEB8-8B4A-11D0-8D11-00A0C91BC942}") = "ConfigApp", "ConfigApp\ConfigApp.vcproj", "{BB038F72-7EBC-4301-A23B-81EC3CC111C1}"
EndProject
Project("{8BC9CEB8-8B4A-11D0-8D11-00A0C91BC942}") = "Module-Orders", "Module-Orders\Module-Orders.vcproj", "{1901C4D6-42AA-42A4-B9F7-FEFC6F4A46F3}"
	ProjectSection(ProjectDependencies) = postProject
		{D1D289A2-71B8-4ECF-BB60-5AB9772D89BA} = {D1D289A2-71B8-4ECF-BB60-5AB9772D89BA}
		{DD5971A3-9C90-4A1A-8A4C-A8DD885E1B8E} = {DD5971A3-9C90-4A1A-8A4C-A8DD885E1B8E}
	EndProjectSection
EndProject
Project("{8BC9CEB8-8B4A-11D0-8D11-00A0C91BC942}") = "Module-Misc", "Module-Misc\Module-Misc.vcproj", "{5A902967-6647-46D1-BDDA-D1ED3A7F9A2D}"
EndProject
Project("{8BC9CEB8-8B4A-11D0-8D11-00A0C91BC942}") = "Module-Config", "Module-Config\Module-Config.vcproj", "{3BDA1259-ED25-4408-AF0E-2794EB72623E}"
EndProject
Project("{8BC9CEB8-8B4A-11D0-8D11-00A0C91BC942}") = "Module-WebPanel", "Module-WebPanel\Module-WebPanel.vcproj", "{4599C792-7424-470A-AF73-2280B7D82F5F}"
EndProject
Project("{8BC9CEB8-8B4A-11D0-8D11-00A0C91BC942}") = "Module-InstrumentList", "Module-InstrumentList\Module-InstrumentList.vcproj", "{CEF15715-6050-4AD5-98F6-95A12A29B96B}"
EndProject
Project("{8BC9CEB8-8B4A-11D0-8D11-00A0C91BC942}") = "Module-AllOrderPanel", "Module-AllOrderPanel\Module-AllOrderPanel.vcproj", "{DB19FED8-DD28-4266-AD5B-CD6C5B4FBB13}"
EndProject
Project("{8BC9CEB8-8B4A-11D0-8D11-00A0C91BC942}") = "Module-FundAccount", "Module-FundAccount\Module-FundAccount.vcproj", "{E744599D-8E8B-410A-815B-D1AC061F720F}"
EndProject
Project("{8BC9CEB8-8B4A-11D0-8D11-00A0C91BC942}") = "Module-Bank", "Module-Bank\Module-Bank.vcproj", "{890E4EF9-6695-414A-AF96-A068D9A7CB70}"
EndProject
Project("{8BC9CEB8-8B4A-11D0-8D11-00A0C91BC942}") = "Module-TradeRecord", "Module-TradeRecord\Module-TradeRecord.vcproj", "{3B5FB413-0A19-466D-962C-A11622AD44F8}"
EndProject
Project("{8BC9CEB8-8B4A-11D0-8D11-00A0C91BC942}") = "Module-VerifyCode", "Module-VerifyCode\Module-VerifyCode.vcproj", "{E916BF9A-7654-402D-9EC5-6C0B521D23D0}"
EndProject
Project("{8BC9CEB8-8B4A-11D0-8D11-00A0C91BC942}") = "Module-MovePosition", "Module-MovePosition\Module-MovePosition.vcproj", "{644E650B-FDF7-435E-9269-EE7C2C84BF1A}"
EndProject
Project("{8BC9CEB8-8B4A-11D0-8D11-00A0C91BC942}") = "ISvr_CME", "ISvr\ISvr_CME.vcproj", "{541A7527-F2FA-4509-A52A-01E87A6C288C}"
EndProject
Project("{8BC9CEB8-8B4A-11D0-8D11-00A0C91BC942}") = "Order-QueryPanel", "Order-QueryPanel\Order-QueryPanel.vcproj", "{DD5971A3-9C90-4A1A-8A4C-A8DD885E1B8E}"
	ProjectSection(ProjectDependencies) = postProject
		{D1D289A2-71B8-4ECF-BB60-5AB9772D89BA} = {D1D289A2-71B8-4ECF-BB60-5AB9772D89BA}
	EndProjectSection
EndProject
Project("{8BC9CEB8-8B4A-11D0-8D11-00A0C91BC942}") = "Order-Common", "Order-Common\Order-Common.vcproj", "{D1D289A2-71B8-4ECF-BB60-5AB9772D89BA}"
EndProject
Project("{8BC9CEB8-8B4A-11D0-8D11-00A0C91BC942}") = "Module-Query", "Module-Query\Module-Query.vcproj", "{455102FB-F50A-49AC-9BA1-D9AC50EA7D3C}"
EndProject
Project("{8BC9CEB8-8B4A-11D0-8D11-00A0C91BC942}") = "Module-Interface", "Module-Interface\Module-Interface.vcproj", "{EDFDAEF8-C1C7-4A64-B520-AB49C6C9FB8B}"
EndProject
Project("{8BC9CEB8-8B4A-11D0-8D11-00A0C91BC942}") = "CmeApiSvr", "CmeApiSvr\CmeApiSvr.vcproj", "{FD95C770-9FF2-49CB-A7C7-F1C22B91405C}"
	ProjectSection(ProjectDependencies) = postProject
		{86E881CD-82F6-46C9-B10F-E05A7E43D14D} = {86E881CD-82F6-46C9-B10F-E05A7E43D14D}
		{8F113FDB-6B0B-4ADF-8431-DBFE0FBAB6FA} = {8F113FDB-6B0B-4ADF-8431-DBFE0FBAB6FA}
	EndProjectSection
EndProject
Project("{8BC9CEB8-8B4A-11D0-8D11-00A0C91BC942}") = "CmeCore", "cmecore\CmeCore.vcproj", "{8F113FDB-6B0B-4ADF-8431-DBFE0FBAB6FA}"
	ProjectSection(ProjectDependencies) = postProject
		{86E881CD-82F6-46C9-B10F-E05A7E43D14D} = {86E881CD-82F6-46C9-B10F-E05A7E43D14D}
	EndProjectSection
EndProject
Project("{8BC9CEB8-8B4A-11D0-8D11-00A0C91BC942}") = "Tools", "Tools\Tools.vcproj", "{86E881CD-82F6-46C9-B10F-E05A7E43D14D}"
EndProject
Project("{8BC9CEB8-8B4A-11D0-8D11-00A0C91BC942}") = "Module-ComboPositionList", "Module-ComboPositionList\Module-ComboPositionList.vcproj", "{D49D1AAD-2422-4CCD-8312-2846EEE6A2E7}"
EndProject
Global
	GlobalSection(SolutionConfigurationPlatforms) = preSolution
		Debug_CME|Win32 = Debug_CME|Win32
		Debug_PATSAPI|Win32 = Debug_PATSAPI|Win32
		Debug|Win32 = Debug|Win32
		Release_CME|Win32 = Release_CME|Win32
		Release_PATSAPI|Win32 = Release_PATSAPI|Win32
		Release|Win32 = Release|Win32
	EndGlobalSection
	GlobalSection(ProjectConfigurationPlatforms) = postSolution
		{6E021071-CB33-46D5-B57F-A99600508B3C}.Debug_CME|Win32.ActiveCfg = Debug_CME|Win32
		{6E021071-CB33-46D5-B57F-A99600508B3C}.Debug_CME|Win32.Build.0 = Debug_CME|Win32
		{6E021071-CB33-46D5-B57F-A99600508B3C}.Debug_PATSAPI|Win32.ActiveCfg = Debug_PATSAPI|Win32
		{6E021071-CB33-46D5-B57F-A99600508B3C}.Debug_PATSAPI|Win32.Build.0 = Debug_PATSAPI|Win32
		{6E021071-CB33-46D5-B57F-A99600508B3C}.Debug|Win32.ActiveCfg = Debug|Win32
		{6E021071-CB33-46D5-B57F-A99600508B3C}.Debug|Win32.Build.0 = Debug|Win32
		{6E021071-CB33-46D5-B57F-A99600508B3C}.Release_CME|Win32.ActiveCfg = Release_CME|Win32
		{6E021071-CB33-46D5-B57F-A99600508B3C}.Release_CME|Win32.Build.0 = Release_CME|Win32
		{6E021071-CB33-46D5-B57F-A99600508B3C}.Release_PATSAPI|Win32.ActiveCfg = Release_PATSAPI|Win32
		{6E021071-CB33-46D5-B57F-A99600508B3C}.Release_PATSAPI|Win32.Build.0 = Release_PATSAPI|Win32
		{6E021071-CB33-46D5-B57F-A99600508B3C}.Release|Win32.ActiveCfg = Release|Win32
		{6E021071-CB33-46D5-B57F-A99600508B3C}.Release|Win32.Build.0 = Release|Win32
		{A37B0FF6-8CB8-4D5C-9F55-CF1BB7AE2C4E}.Debug_CME|Win32.ActiveCfg = Debug_CME|Win32
		{A37B0FF6-8CB8-4D5C-9F55-CF1BB7AE2C4E}.Debug_CME|Win32.Build.0 = Debug_CME|Win32
		{A37B0FF6-8CB8-4D5C-9F55-CF1BB7AE2C4E}.Debug_PATSAPI|Win32.ActiveCfg = Debug_PATSAPI|Win32
		{A37B0FF6-8CB8-4D5C-9F55-CF1BB7AE2C4E}.Debug_PATSAPI|Win32.Build.0 = Debug_PATSAPI|Win32
		{A37B0FF6-8CB8-4D5C-9F55-CF1BB7AE2C4E}.Debug|Win32.ActiveCfg = Debug|Win32
		{A37B0FF6-8CB8-4D5C-9F55-CF1BB7AE2C4E}.Debug|Win32.Build.0 = Debug|Win32
		{A37B0FF6-8CB8-4D5C-9F55-CF1BB7AE2C4E}.Release_CME|Win32.ActiveCfg = Release_CME|Win32
		{A37B0FF6-8CB8-4D5C-9F55-CF1BB7AE2C4E}.Release_CME|Win32.Build.0 = Release_CME|Win32
		{A37B0FF6-8CB8-4D5C-9F55-CF1BB7AE2C4E}.Release_PATSAPI|Win32.ActiveCfg = Release_PATSAPI|Win32
		{A37B0FF6-8CB8-4D5C-9F55-CF1BB7AE2C4E}.Release_PATSAPI|Win32.Build.0 = Release_PATSAPI|Win32
		{A37B0FF6-8CB8-4D5C-9F55-CF1BB7AE2C4E}.Release|Win32.ActiveCfg = Release|Win32
		{A37B0FF6-8CB8-4D5C-9F55-CF1BB7AE2C4E}.Release|Win32.Build.0 = Release|Win32
		{3144C3DE-65D6-4942-976A-7AE85D8F89CD}.Debug_CME|Win32.ActiveCfg = Debug_CME|Win32
		{3144C3DE-65D6-4942-976A-7AE85D8F89CD}.Debug_CME|Win32.Build.0 = Debug_CME|Win32
		{3144C3DE-65D6-4942-976A-7AE85D8F89CD}.Debug_PATSAPI|Win32.ActiveCfg = Debug_PATSAPI|Win32
		{3144C3DE-65D6-4942-976A-7AE85D8F89CD}.Debug_PATSAPI|Win32.Build.0 = Debug_PATSAPI|Win32
		{3144C3DE-65D6-4942-976A-7AE85D8F89CD}.Debug|Win32.ActiveCfg = Debug|Win32
		{3144C3DE-65D6-4942-976A-7AE85D8F89CD}.Debug|Win32.Build.0 = Debug|Win32
		{3144C3DE-65D6-4942-976A-7AE85D8F89CD}.Release_CME|Win32.ActiveCfg = Release_CME|Win32
		{3144C3DE-65D6-4942-976A-7AE85D8F89CD}.Release_CME|Win32.Build.0 = Release_CME|Win32
		{3144C3DE-65D6-4942-976A-7AE85D8F89CD}.Release_PATSAPI|Win32.ActiveCfg = Release_PATSAPI|Win32
		{3144C3DE-65D6-4942-976A-7AE85D8F89CD}.Release_PATSAPI|Win32.Build.0 = Release_PATSAPI|Win32
		{3144C3DE-65D6-4942-976A-7AE85D8F89CD}.Release|Win32.ActiveCfg = Release|Win32
		{3144C3DE-65D6-4942-976A-7AE85D8F89CD}.Release|Win32.Build.0 = Release|Win32
		{1BCF9562-5497-4BED-95BA-2ECEDA136948}.Debug_CME|Win32.ActiveCfg = Debug_CME|Win32
		{1BCF9562-5497-4BED-95BA-2ECEDA136948}.Debug_CME|Win32.Build.0 = Debug_CME|Win32
		{1BCF9562-5497-4BED-95BA-2ECEDA136948}.Debug_PATSAPI|Win32.ActiveCfg = Debug_PATSAPI|Win32
		{1BCF9562-5497-4BED-95BA-2ECEDA136948}.Debug_PATSAPI|Win32.Build.0 = Debug_PATSAPI|Win32
		{1BCF9562-5497-4BED-95BA-2ECEDA136948}.Debug|Win32.ActiveCfg = Debug|Win32
		{1BCF9562-5497-4BED-95BA-2ECEDA136948}.Debug|Win32.Build.0 = Debug|Win32
		{1BCF9562-5497-4BED-95BA-2ECEDA136948}.Release_CME|Win32.ActiveCfg = Release_CME|Win32
		{1BCF9562-5497-4BED-95BA-2ECEDA136948}.Release_CME|Win32.Build.0 = Release_CME|Win32
		{1BCF9562-5497-4BED-95BA-2ECEDA136948}.Release_PATSAPI|Win32.ActiveCfg = Release_PATSAPI|Win32
		{1BCF9562-5497-4BED-95BA-2ECEDA136948}.Release_PATSAPI|Win32.Build.0 = Release_PATSAPI|Win32
		{1BCF9562-5497-4BED-95BA-2ECEDA136948}.Release|Win32.ActiveCfg = Release|Win32
		{1BCF9562-5497-4BED-95BA-2ECEDA136948}.Release|Win32.Build.0 = Release|Win32
		{12A07275-4F39-4F3A-81FE-A77A19FA437E}.Debug_CME|Win32.ActiveCfg = Debug_CME|Win32
		{12A07275-4F39-4F3A-81FE-A77A19FA437E}.Debug_CME|Win32.Build.0 = Debug_CME|Win32
		{12A07275-4F39-4F3A-81FE-A77A19FA437E}.Debug_PATSAPI|Win32.ActiveCfg = Debug_PATSAPI|Win32
		{12A07275-4F39-4F3A-81FE-A77A19FA437E}.Debug_PATSAPI|Win32.Build.0 = Debug_PATSAPI|Win32
		{12A07275-4F39-4F3A-81FE-A77A19FA437E}.Debug|Win32.ActiveCfg = Debug|Win32
		{12A07275-4F39-4F3A-81FE-A77A19FA437E}.Debug|Win32.Build.0 = Debug|Win32
		{12A07275-4F39-4F3A-81FE-A77A19FA437E}.Release_CME|Win32.ActiveCfg = Release_CME|Win32
		{12A07275-4F39-4F3A-81FE-A77A19FA437E}.Release_CME|Win32.Build.0 = Release_CME|Win32
		{12A07275-4F39-4F3A-81FE-A77A19FA437E}.Release_PATSAPI|Win32.ActiveCfg = Release_PATSAPI|Win32
		{12A07275-4F39-4F3A-81FE-A77A19FA437E}.Release_PATSAPI|Win32.Build.0 = Release_PATSAPI|Win32
		{12A07275-4F39-4F3A-81FE-A77A19FA437E}.Release|Win32.ActiveCfg = Release|Win32
		{12A07275-4F39-4F3A-81FE-A77A19FA437E}.Release|Win32.Build.0 = Release|Win32
		{7F6640D3-8284-4A17-A720-E3C9374C02FC}.Debug_CME|Win32.ActiveCfg = Debug_CME|Win32
		{7F6640D3-8284-4A17-A720-E3C9374C02FC}.Debug_CME|Win32.Build.0 = Debug_CME|Win32
		{7F6640D3-8284-4A17-A720-E3C9374C02FC}.Debug_PATSAPI|Win32.ActiveCfg = Debug_PATSAPI|Win32
		{7F6640D3-8284-4A17-A720-E3C9374C02FC}.Debug_PATSAPI|Win32.Build.0 = Debug_PATSAPI|Win32
		{7F6640D3-8284-4A17-A720-E3C9374C02FC}.Debug|Win32.ActiveCfg = Debug|Win32
		{7F6640D3-8284-4A17-A720-E3C9374C02FC}.Debug|Win32.Build.0 = Debug|Win32
		{7F6640D3-8284-4A17-A720-E3C9374C02FC}.Release_CME|Win32.ActiveCfg = Release_CME|Win32
		{7F6640D3-8284-4A17-A720-E3C9374C02FC}.Release_CME|Win32.Build.0 = Release_CME|Win32
		{7F6640D3-8284-4A17-A720-E3C9374C02FC}.Release_PATSAPI|Win32.ActiveCfg = Release_PATSAPI|Win32
		{7F6640D3-8284-4A17-A720-E3C9374C02FC}.Release_PATSAPI|Win32.Build.0 = Release_PATSAPI|Win32
		{7F6640D3-8284-4A17-A720-E3C9374C02FC}.Release|Win32.ActiveCfg = Release|Win32
		{7F6640D3-8284-4A17-A720-E3C9374C02FC}.Release|Win32.Build.0 = Release|Win32
		{BB038F72-7EBC-4301-A23B-81EC3CC111C1}.Debug_CME|Win32.ActiveCfg = Debug_CME|Win32
		{BB038F72-7EBC-4301-A23B-81EC3CC111C1}.Debug_CME|Win32.Build.0 = Debug_CME|Win32
		{BB038F72-7EBC-4301-A23B-81EC3CC111C1}.Debug_PATSAPI|Win32.ActiveCfg = Debug_PATSAPI|Win32
		{BB038F72-7EBC-4301-A23B-81EC3CC111C1}.Debug_PATSAPI|Win32.Build.0 = Debug_PATSAPI|Win32
		{BB038F72-7EBC-4301-A23B-81EC3CC111C1}.Debug|Win32.ActiveCfg = Debug|Win32
		{BB038F72-7EBC-4301-A23B-81EC3CC111C1}.Debug|Win32.Build.0 = Debug|Win32
		{BB038F72-7EBC-4301-A23B-81EC3CC111C1}.Release_CME|Win32.ActiveCfg = Release_CME|Win32
		{BB038F72-7EBC-4301-A23B-81EC3CC111C1}.Release_CME|Win32.Build.0 = Release_CME|Win32
		{BB038F72-7EBC-4301-A23B-81EC3CC111C1}.Release_PATSAPI|Win32.ActiveCfg = Release_PATSAPI|Win32
		{BB038F72-7EBC-4301-A23B-81EC3CC111C1}.Release_PATSAPI|Win32.Build.0 = Release_PATSAPI|Win32
		{BB038F72-7EBC-4301-A23B-81EC3CC111C1}.Release|Win32.ActiveCfg = Release|Win32
		{BB038F72-7EBC-4301-A23B-81EC3CC111C1}.Release|Win32.Build.0 = Release|Win32
		{1901C4D6-42AA-42A4-B9F7-FEFC6F4A46F3}.Debug_CME|Win32.ActiveCfg = Debug_CME|Win32
		{1901C4D6-42AA-42A4-B9F7-FEFC6F4A46F3}.Debug_CME|Win32.Build.0 = Debug_CME|Win32
		{1901C4D6-42AA-42A4-B9F7-FEFC6F4A46F3}.Debug_PATSAPI|Win32.ActiveCfg = Debug_PATSAPI|Win32
		{1901C4D6-42AA-42A4-B9F7-FEFC6F4A46F3}.Debug_PATSAPI|Win32.Build.0 = Debug_PATSAPI|Win32
		{1901C4D6-42AA-42A4-B9F7-FEFC6F4A46F3}.Debug|Win32.ActiveCfg = Debug|Win32
		{1901C4D6-42AA-42A4-B9F7-FEFC6F4A46F3}.Debug|Win32.Build.0 = Debug|Win32
		{1901C4D6-42AA-42A4-B9F7-FEFC6F4A46F3}.Release_CME|Win32.ActiveCfg = Release_CME|Win32
		{1901C4D6-42AA-42A4-B9F7-FEFC6F4A46F3}.Release_CME|Win32.Build.0 = Release_CME|Win32
		{1901C4D6-42AA-42A4-B9F7-FEFC6F4A46F3}.Release_PATSAPI|Win32.ActiveCfg = Release_PATSAPI|Win32
		{1901C4D6-42AA-42A4-B9F7-FEFC6F4A46F3}.Release_PATSAPI|Win32.Build.0 = Release_PATSAPI|Win32
		{1901C4D6-42AA-42A4-B9F7-FEFC6F4A46F3}.Release|Win32.ActiveCfg = Release|Win32
		{1901C4D6-42AA-42A4-B9F7-FEFC6F4A46F3}.Release|Win32.Build.0 = Release|Win32
		{5A902967-6647-46D1-BDDA-D1ED3A7F9A2D}.Debug_CME|Win32.ActiveCfg = Debug_CME|Win32
		{5A902967-6647-46D1-BDDA-D1ED3A7F9A2D}.Debug_CME|Win32.Build.0 = Debug_CME|Win32
		{5A902967-6647-46D1-BDDA-D1ED3A7F9A2D}.Debug_PATSAPI|Win32.ActiveCfg = Debug_PATSAPI|Win32
		{5A902967-6647-46D1-BDDA-D1ED3A7F9A2D}.Debug_PATSAPI|Win32.Build.0 = Debug_PATSAPI|Win32
		{5A902967-6647-46D1-BDDA-D1ED3A7F9A2D}.Debug|Win32.ActiveCfg = Debug|Win32
		{5A902967-6647-46D1-BDDA-D1ED3A7F9A2D}.Debug|Win32.Build.0 = Debug|Win32
		{5A902967-6647-46D1-BDDA-D1ED3A7F9A2D}.Release_CME|Win32.ActiveCfg = Release_CME|Win32
		{5A902967-6647-46D1-BDDA-D1ED3A7F9A2D}.Release_CME|Win32.Build.0 = Release_CME|Win32
		{5A902967-6647-46D1-BDDA-D1ED3A7F9A2D}.Release_PATSAPI|Win32.ActiveCfg = Release_PATSAPI|Win32
		{5A902967-6647-46D1-BDDA-D1ED3A7F9A2D}.Release_PATSAPI|Win32.Build.0 = Release_PATSAPI|Win32
		{5A902967-6647-46D1-BDDA-D1ED3A7F9A2D}.Release|Win32.ActiveCfg = Release|Win32
		{5A902967-6647-46D1-BDDA-D1ED3A7F9A2D}.Release|Win32.Build.0 = Release|Win32
		{3BDA1259-ED25-4408-AF0E-2794EB72623E}.Debug_CME|Win32.ActiveCfg = Debug_CME|Win32
		{3BDA1259-ED25-4408-AF0E-2794EB72623E}.Debug_CME|Win32.Build.0 = Debug_CME|Win32
		{3BDA1259-ED25-4408-AF0E-2794EB72623E}.Debug_PATSAPI|Win32.ActiveCfg = Debug_PATSAPI|Win32
		{3BDA1259-ED25-4408-AF0E-2794EB72623E}.Debug_PATSAPI|Win32.Build.0 = Debug_PATSAPI|Win32
		{3BDA1259-ED25-4408-AF0E-2794EB72623E}.Debug|Win32.ActiveCfg = Debug|Win32
		{3BDA1259-ED25-4408-AF0E-2794EB72623E}.Debug|Win32.Build.0 = Debug|Win32
		{3BDA1259-ED25-4408-AF0E-2794EB72623E}.Release_CME|Win32.ActiveCfg = Release_CME|Win32
		{3BDA1259-ED25-4408-AF0E-2794EB72623E}.Release_CME|Win32.Build.0 = Release_CME|Win32
		{3BDA1259-ED25-4408-AF0E-2794EB72623E}.Release_PATSAPI|Win32.ActiveCfg = Release_PATSAPI|Win32
		{3BDA1259-ED25-4408-AF0E-2794EB72623E}.Release_PATSAPI|Win32.Build.0 = Release_PATSAPI|Win32
		{3BDA1259-ED25-4408-AF0E-2794EB72623E}.Release|Win32.ActiveCfg = Release|Win32
		{3BDA1259-ED25-4408-AF0E-2794EB72623E}.Release|Win32.Build.0 = Release|Win32
		{4599C792-7424-470A-AF73-2280B7D82F5F}.Debug_CME|Win32.ActiveCfg = Debug_CME|Win32
		{4599C792-7424-470A-AF73-2280B7D82F5F}.Debug_CME|Win32.Build.0 = Debug_CME|Win32
		{4599C792-7424-470A-AF73-2280B7D82F5F}.Debug_PATSAPI|Win32.ActiveCfg = Debug_PATSAPI|Win32
		{4599C792-7424-470A-AF73-2280B7D82F5F}.Debug_PATSAPI|Win32.Build.0 = Debug_PATSAPI|Win32
		{4599C792-7424-470A-AF73-2280B7D82F5F}.Debug|Win32.ActiveCfg = Debug|Win32
		{4599C792-7424-470A-AF73-2280B7D82F5F}.Debug|Win32.Build.0 = Debug|Win32
		{4599C792-7424-470A-AF73-2280B7D82F5F}.Release_CME|Win32.ActiveCfg = Release_CME|Win32
		{4599C792-7424-470A-AF73-2280B7D82F5F}.Release_CME|Win32.Build.0 = Release_CME|Win32
		{4599C792-7424-470A-AF73-2280B7D82F5F}.Release_PATSAPI|Win32.ActiveCfg = Release_PATSAPI|Win32
		{4599C792-7424-470A-AF73-2280B7D82F5F}.Release_PATSAPI|Win32.Build.0 = Release_PATSAPI|Win32
		{4599C792-7424-470A-AF73-2280B7D82F5F}.Release|Win32.ActiveCfg = Release|Win32
		{4599C792-7424-470A-AF73-2280B7D82F5F}.Release|Win32.Build.0 = Release|Win32
		{CEF15715-6050-4AD5-98F6-95A12A29B96B}.Debug_CME|Win32.ActiveCfg = Debug_CME|Win32
		{CEF15715-6050-4AD5-98F6-95A12A29B96B}.Debug_CME|Win32.Build.0 = Debug_CME|Win32
		{CEF15715-6050-4AD5-98F6-95A12A29B96B}.Debug_PATSAPI|Win32.ActiveCfg = Debug_PATSAPI|Win32
		{CEF15715-6050-4AD5-98F6-95A12A29B96B}.Debug_PATSAPI|Win32.Build.0 = Debug_PATSAPI|Win32
		{CEF15715-6050-4AD5-98F6-95A12A29B96B}.Debug|Win32.ActiveCfg = Debug|Win32
		{CEF15715-6050-4AD5-98F6-95A12A29B96B}.Debug|Win32.Build.0 = Debug|Win32
		{CEF15715-6050-4AD5-98F6-95A12A29B96B}.Release_CME|Win32.ActiveCfg = Release_CME|Win32
		{CEF15715-6050-4AD5-98F6-95A12A29B96B}.Release_CME|Win32.Build.0 = Release_CME|Win32
		{CEF15715-6050-4AD5-98F6-95A12A29B96B}.Release_PATSAPI|Win32.ActiveCfg = Release_PATSAPI|Win32
		{CEF15715-6050-4AD5-98F6-95A12A29B96B}.Release_PATSAPI|Win32.Build.0 = Release_PATSAPI|Win32
		{CEF15715-6050-4AD5-98F6-95A12A29B96B}.Release|Win32.ActiveCfg = Release|Win32
		{CEF15715-6050-4AD5-98F6-95A12A29B96B}.Release|Win32.Build.0 = Release|Win32
		{DB19FED8-DD28-4266-AD5B-CD6C5B4FBB13}.Debug_CME|Win32.ActiveCfg = Debug_CME|Win32
		{DB19FED8-DD28-4266-AD5B-CD6C5B4FBB13}.Debug_CME|Win32.Build.0 = Debug_CME|Win32
		{DB19FED8-DD28-4266-AD5B-CD6C5B4FBB13}.Debug_PATSAPI|Win32.ActiveCfg = Debug_PATSAPI|Win32
		{DB19FED8-DD28-4266-AD5B-CD6C5B4FBB13}.Debug_PATSAPI|Win32.Build.0 = Debug_PATSAPI|Win32
		{DB19FED8-DD28-4266-AD5B-CD6C5B4FBB13}.Debug|Win32.ActiveCfg = Debug|Win32
		{DB19FED8-DD28-4266-AD5B-CD6C5B4FBB13}.Debug|Win32.Build.0 = Debug|Win32
		{DB19FED8-DD28-4266-AD5B-CD6C5B4FBB13}.Release_CME|Win32.ActiveCfg = Release_CME|Win32
		{DB19FED8-DD28-4266-AD5B-CD6C5B4FBB13}.Release_CME|Win32.Build.0 = Release_CME|Win32
		{DB19FED8-DD28-4266-AD5B-CD6C5B4FBB13}.Release_PATSAPI|Win32.ActiveCfg = Release_PATSAPI|Win32
		{DB19FED8-DD28-4266-AD5B-CD6C5B4FBB13}.Release_PATSAPI|Win32.Build.0 = Release_PATSAPI|Win32
		{DB19FED8-DD28-4266-AD5B-CD6C5B4FBB13}.Release|Win32.ActiveCfg = Release|Win32
		{DB19FED8-DD28-4266-AD5B-CD6C5B4FBB13}.Release|Win32.Build.0 = Release|Win32
		{E744599D-8E8B-410A-815B-D1AC061F720F}.Debug_CME|Win32.ActiveCfg = Debug_CME|Win32
		{E744599D-8E8B-410A-815B-D1AC061F720F}.Debug_CME|Win32.Build.0 = Debug_CME|Win32
		{E744599D-8E8B-410A-815B-D1AC061F720F}.Debug_PATSAPI|Win32.ActiveCfg = Debug_PATSAPI|Win32
		{E744599D-8E8B-410A-815B-D1AC061F720F}.Debug_PATSAPI|Win32.Build.0 = Debug_PATSAPI|Win32
		{E744599D-8E8B-410A-815B-D1AC061F720F}.Debug|Win32.ActiveCfg = Debug|Win32
		{E744599D-8E8B-410A-815B-D1AC061F720F}.Debug|Win32.Build.0 = Debug|Win32
		{E744599D-8E8B-410A-815B-D1AC061F720F}.Release_CME|Win32.ActiveCfg = Release_CME|Win32
		{E744599D-8E8B-410A-815B-D1AC061F720F}.Release_CME|Win32.Build.0 = Release_CME|Win32
		{E744599D-8E8B-410A-815B-D1AC061F720F}.Release_PATSAPI|Win32.ActiveCfg = Release_PATSAPI|Win32
		{E744599D-8E8B-410A-815B-D1AC061F720F}.Release_PATSAPI|Win32.Build.0 = Release_PATSAPI|Win32
		{E744599D-8E8B-410A-815B-D1AC061F720F}.Release|Win32.ActiveCfg = Release|Win32
		{E744599D-8E8B-410A-815B-D1AC061F720F}.Release|Win32.Build.0 = Release|Win32
		{890E4EF9-6695-414A-AF96-A068D9A7CB70}.Debug_CME|Win32.ActiveCfg = Debug_CME|Win32
		{890E4EF9-6695-414A-AF96-A068D9A7CB70}.Debug_CME|Win32.Build.0 = Debug_CME|Win32
		{890E4EF9-6695-414A-AF96-A068D9A7CB70}.Debug_PATSAPI|Win32.ActiveCfg = Debug_PATSAPI|Win32
		{890E4EF9-6695-414A-AF96-A068D9A7CB70}.Debug_PATSAPI|Win32.Build.0 = Debug_PATSAPI|Win32
		{890E4EF9-6695-414A-AF96-A068D9A7CB70}.Debug|Win32.ActiveCfg = Debug|Win32
		{890E4EF9-6695-414A-AF96-A068D9A7CB70}.Debug|Win32.Build.0 = Debug|Win32
		{890E4EF9-6695-414A-AF96-A068D9A7CB70}.Release_CME|Win32.ActiveCfg = Release_CME|Win32
		{890E4EF9-6695-414A-AF96-A068D9A7CB70}.Release_CME|Win32.Build.0 = Release_CME|Win32
		{890E4EF9-6695-414A-AF96-A068D9A7CB70}.Release_PATSAPI|Win32.ActiveCfg = Release_PATSAPI|Win32
		{890E4EF9-6695-414A-AF96-A068D9A7CB70}.Release_PATSAPI|Win32.Build.0 = Release_PATSAPI|Win32
		{890E4EF9-6695-414A-AF96-A068D9A7CB70}.Release|Win32.ActiveCfg = Release|Win32
		{890E4EF9-6695-414A-AF96-A068D9A7CB70}.Release|Win32.Build.0 = Release|Win32
		{3B5FB413-0A19-466D-962C-A11622AD44F8}.Debug_CME|Win32.ActiveCfg = Debug_CME|Win32
		{3B5FB413-0A19-466D-962C-A11622AD44F8}.Debug_CME|Win32.Build.0 = Debug_CME|Win32
		{3B5FB413-0A19-466D-962C-A11622AD44F8}.Debug_PATSAPI|Win32.ActiveCfg = Debug_PATSAPI|Win32
		{3B5FB413-0A19-466D-962C-A11622AD44F8}.Debug_PATSAPI|Win32.Build.0 = Debug_PATSAPI|Win32
		{3B5FB413-0A19-466D-962C-A11622AD44F8}.Debug|Win32.ActiveCfg = Debug|Win32
		{3B5FB413-0A19-466D-962C-A11622AD44F8}.Debug|Win32.Build.0 = Debug|Win32
		{3B5FB413-0A19-466D-962C-A11622AD44F8}.Release_CME|Win32.ActiveCfg = Release_CME|Win32
		{3B5FB413-0A19-466D-962C-A11622AD44F8}.Release_CME|Win32.Build.0 = Release_CME|Win32
		{3B5FB413-0A19-466D-962C-A11622AD44F8}.Release_PATSAPI|Win32.ActiveCfg = Release_PATSAPI|Win32
		{3B5FB413-0A19-466D-962C-A11622AD44F8}.Release_PATSAPI|Win32.Build.0 = Release_PATSAPI|Win32
		{3B5FB413-0A19-466D-962C-A11622AD44F8}.Release|Win32.ActiveCfg = Release|Win32
		{3B5FB413-0A19-466D-962C-A11622AD44F8}.Release|Win32.Build.0 = Release|Win32
		{E916BF9A-7654-402D-9EC5-6C0B521D23D0}.Debug_CME|Win32.ActiveCfg = Debug_CME|Win32
		{E916BF9A-7654-402D-9EC5-6C0B521D23D0}.Debug_CME|Win32.Build.0 = Debug_CME|Win32
		{E916BF9A-7654-402D-9EC5-6C0B521D23D0}.Debug_PATSAPI|Win32.ActiveCfg = Debug_PATSAPI|Win32
		{E916BF9A-7654-402D-9EC5-6C0B521D23D0}.Debug_PATSAPI|Win32.Build.0 = Debug_PATSAPI|Win32
		{E916BF9A-7654-402D-9EC5-6C0B521D23D0}.Debug|Win32.ActiveCfg = Debug|Win32
		{E916BF9A-7654-402D-9EC5-6C0B521D23D0}.Debug|Win32.Build.0 = Debug|Win32
		{E916BF9A-7654-402D-9EC5-6C0B521D23D0}.Release_CME|Win32.ActiveCfg = Release_CME|Win32
		{E916BF9A-7654-402D-9EC5-6C0B521D23D0}.Release_CME|Win32.Build.0 = Release_CME|Win32
		{E916BF9A-7654-402D-9EC5-6C0B521D23D0}.Release_PATSAPI|Win32.ActiveCfg = Release_PATSAPI|Win32
		{E916BF9A-7654-402D-9EC5-6C0B521D23D0}.Release_PATSAPI|Win32.Build.0 = Release_PATSAPI|Win32
		{E916BF9A-7654-402D-9EC5-6C0B521D23D0}.Release|Win32.ActiveCfg = Release|Win32
		{E916BF9A-7654-402D-9EC5-6C0B521D23D0}.Release|Win32.Build.0 = Release|Win32
		{644E650B-FDF7-435E-9269-EE7C2C84BF1A}.Debug_CME|Win32.ActiveCfg = Debug_CME|Win32
		{644E650B-FDF7-435E-9269-EE7C2C84BF1A}.Debug_CME|Win32.Build.0 = Debug_CME|Win32
		{644E650B-FDF7-435E-9269-EE7C2C84BF1A}.Debug_PATSAPI|Win32.ActiveCfg = Debug_PATSAPI|Win32
		{644E650B-FDF7-435E-9269-EE7C2C84BF1A}.Debug_PATSAPI|Win32.Build.0 = Debug_PATSAPI|Win32
		{644E650B-FDF7-435E-9269-EE7C2C84BF1A}.Debug|Win32.ActiveCfg = Debug|Win32
		{644E650B-FDF7-435E-9269-EE7C2C84BF1A}.Debug|Win32.Build.0 = Debug|Win32
		{644E650B-FDF7-435E-9269-EE7C2C84BF1A}.Release_CME|Win32.ActiveCfg = Release_CME|Win32
		{644E650B-FDF7-435E-9269-EE7C2C84BF1A}.Release_CME|Win32.Build.0 = Release_CME|Win32
		{644E650B-FDF7-435E-9269-EE7C2C84BF1A}.Release_PATSAPI|Win32.ActiveCfg = Release_PATSAPI|Win32
		{644E650B-FDF7-435E-9269-EE7C2C84BF1A}.Release_PATSAPI|Win32.Build.0 = Release_PATSAPI|Win32
		{644E650B-FDF7-435E-9269-EE7C2C84BF1A}.Release|Win32.ActiveCfg = Release|Win32
		{644E650B-FDF7-435E-9269-EE7C2C84BF1A}.Release|Win32.Build.0 = Release|Win32
		{541A7527-F2FA-4509-A52A-01E87A6C288C}.Debug_CME|Win32.ActiveCfg = Debug_CME|Win32
		{541A7527-F2FA-4509-A52A-01E87A6C288C}.Debug_CME|Win32.Build.0 = Debug_CME|Win32
		{541A7527-F2FA-4509-A52A-01E87A6C288C}.Debug_PATSAPI|Win32.ActiveCfg = Debug_CME|Win32
		{541A7527-F2FA-4509-A52A-01E87A6C288C}.Debug_PATSAPI|Win32.Build.0 = Debug_CME|Win32
		{541A7527-F2FA-4509-A52A-01E87A6C288C}.Debug|Win32.ActiveCfg = Debug_CME|Win32
		{541A7527-F2FA-4509-A52A-01E87A6C288C}.Debug|Win32.Build.0 = Debug_CME|Win32
		{541A7527-F2FA-4509-A52A-01E87A6C288C}.Release_CME|Win32.ActiveCfg = Release_CME|Win32
		{541A7527-F2FA-4509-A52A-01E87A6C288C}.Release_CME|Win32.Build.0 = Release_CME|Win32
		{541A7527-F2FA-4509-A52A-01E87A6C288C}.Release_PATSAPI|Win32.ActiveCfg = Release_CME|Win32
		{541A7527-F2FA-4509-A52A-01E87A6C288C}.Release_PATSAPI|Win32.Build.0 = Release_CME|Win32
		{541A7527-F2FA-4509-A52A-01E87A6C288C}.Release|Win32.ActiveCfg = Release_CME|Win32
		{541A7527-F2FA-4509-A52A-01E87A6C288C}.Release|Win32.Build.0 = Release_CME|Win32
		{DD5971A3-9C90-4A1A-8A4C-A8DD885E1B8E}.Debug_CME|Win32.ActiveCfg = Debug_CME|Win32
		{DD5971A3-9C90-4A1A-8A4C-A8DD885E1B8E}.Debug_CME|Win32.Build.0 = Debug_CME|Win32
		{DD5971A3-9C90-4A1A-8A4C-A8DD885E1B8E}.Debug_PATSAPI|Win32.ActiveCfg = Debug_PATSAPI|Win32
		{DD5971A3-9C90-4A1A-8A4C-A8DD885E1B8E}.Debug_PATSAPI|Win32.Build.0 = Debug_PATSAPI|Win32
		{DD5971A3-9C90-4A1A-8A4C-A8DD885E1B8E}.Debug|Win32.ActiveCfg = Debug|Win32
		{DD5971A3-9C90-4A1A-8A4C-A8DD885E1B8E}.Debug|Win32.Build.0 = Debug|Win32
		{DD5971A3-9C90-4A1A-8A4C-A8DD885E1B8E}.Release_CME|Win32.ActiveCfg = Release_CME|Win32
		{DD5971A3-9C90-4A1A-8A4C-A8DD885E1B8E}.Release_CME|Win32.Build.0 = Release_CME|Win32
		{DD5971A3-9C90-4A1A-8A4C-A8DD885E1B8E}.Release_PATSAPI|Win32.ActiveCfg = Release_PATSAPI|Win32
		{DD5971A3-9C90-4A1A-8A4C-A8DD885E1B8E}.Release_PATSAPI|Win32.Build.0 = Release_PATSAPI|Win32
		{DD5971A3-9C90-4A1A-8A4C-A8DD885E1B8E}.Release|Win32.ActiveCfg = Release|Win32
		{DD5971A3-9C90-4A1A-8A4C-A8DD885E1B8E}.Release|Win32.Build.0 = Release|Win32
		{D1D289A2-71B8-4ECF-BB60-5AB9772D89BA}.Debug_CME|Win32.ActiveCfg = Debug_CME|Win32
		{D1D289A2-71B8-4ECF-BB60-5AB9772D89BA}.Debug_CME|Win32.Build.0 = Debug_CME|Win32
		{D1D289A2-71B8-4ECF-BB60-5AB9772D89BA}.Debug_PATSAPI|Win32.ActiveCfg = Debug_PATSAPI|Win32
		{D1D289A2-71B8-4ECF-BB60-5AB9772D89BA}.Debug_PATSAPI|Win32.Build.0 = Debug_PATSAPI|Win32
		{D1D289A2-71B8-4ECF-BB60-5AB9772D89BA}.Debug|Win32.ActiveCfg = Debug|Win32
		{D1D289A2-71B8-4ECF-BB60-5AB9772D89BA}.Debug|Win32.Build.0 = Debug|Win32
		{D1D289A2-71B8-4ECF-BB60-5AB9772D89BA}.Release_CME|Win32.ActiveCfg = Release_CME|Win32
		{D1D289A2-71B8-4ECF-BB60-5AB9772D89BA}.Release_CME|Win32.Build.0 = Release_CME|Win32
		{D1D289A2-71B8-4ECF-BB60-5AB9772D89BA}.Release_PATSAPI|Win32.ActiveCfg = Release_PATSAPI|Win32
		{D1D289A2-71B8-4ECF-BB60-5AB9772D89BA}.Release_PATSAPI|Win32.Build.0 = Release_PATSAPI|Win32
		{D1D289A2-71B8-4ECF-BB60-5AB9772D89BA}.Release|Win32.ActiveCfg = Release|Win32
		{D1D289A2-71B8-4ECF-BB60-5AB9772D89BA}.Release|Win32.Build.0 = Release|Win32
		{455102FB-F50A-49AC-9BA1-D9AC50EA7D3C}.Debug_CME|Win32.ActiveCfg = Debug_CME|Win32
		{455102FB-F50A-49AC-9BA1-D9AC50EA7D3C}.Debug_CME|Win32.Build.0 = Debug_CME|Win32
		{455102FB-F50A-49AC-9BA1-D9AC50EA7D3C}.Debug_PATSAPI|Win32.ActiveCfg = Debug_PATSAPI|Win32
		{455102FB-F50A-49AC-9BA1-D9AC50EA7D3C}.Debug_PATSAPI|Win32.Build.0 = Debug_PATSAPI|Win32
		{455102FB-F50A-49AC-9BA1-D9AC50EA7D3C}.Debug|Win32.ActiveCfg = Debug|Win32
		{455102FB-F50A-49AC-9BA1-D9AC50EA7D3C}.Debug|Win32.Build.0 = Debug|Win32
		{455102FB-F50A-49AC-9BA1-D9AC50EA7D3C}.Release_CME|Win32.ActiveCfg = Release_CME|Win32
		{455102FB-F50A-49AC-9BA1-D9AC50EA7D3C}.Release_CME|Win32.Build.0 = Release_CME|Win32
		{455102FB-F50A-49AC-9BA1-D9AC50EA7D3C}.Release_PATSAPI|Win32.ActiveCfg = Release_PATSAPI|Win32
		{455102FB-F50A-49AC-9BA1-D9AC50EA7D3C}.Release_PATSAPI|Win32.Build.0 = Release_PATSAPI|Win32
		{455102FB-F50A-49AC-9BA1-D9AC50EA7D3C}.Release|Win32.ActiveCfg = Release|Win32
		{455102FB-F50A-49AC-9BA1-D9AC50EA7D3C}.Release|Win32.Build.0 = Release|Win32
		{EDFDAEF8-C1C7-4A64-B520-AB49C6C9FB8B}.Debug_CME|Win32.ActiveCfg = Debug_CME|Win32
		{EDFDAEF8-C1C7-4A64-B520-AB49C6C9FB8B}.Debug_CME|Win32.Build.0 = Debug_CME|Win32
		{EDFDAEF8-C1C7-4A64-B520-AB49C6C9FB8B}.Debug_PATSAPI|Win32.ActiveCfg = Debug_PATSAPI|Win32
		{EDFDAEF8-C1C7-4A64-B520-AB49C6C9FB8B}.Debug_PATSAPI|Win32.Build.0 = Debug_PATSAPI|Win32
		{EDFDAEF8-C1C7-4A64-B520-AB49C6C9FB8B}.Debug|Win32.ActiveCfg = Debug|Win32
		{EDFDAEF8-C1C7-4A64-B520-AB49C6C9FB8B}.Debug|Win32.Build.0 = Debug|Win32
		{EDFDAEF8-C1C7-4A64-B520-AB49C6C9FB8B}.Release_CME|Win32.ActiveCfg = Release_CME|Win32
		{EDFDAEF8-C1C7-4A64-B520-AB49C6C9FB8B}.Release_CME|Win32.Build.0 = Release_CME|Win32
		{EDFDAEF8-C1C7-4A64-B520-AB49C6C9FB8B}.Release_PATSAPI|Win32.ActiveCfg = Release_PATSAPI|Win32
		{EDFDAEF8-C1C7-4A64-B520-AB49C6C9FB8B}.Release_PATSAPI|Win32.Build.0 = Release_PATSAPI|Win32
		{EDFDAEF8-C1C7-4A64-B520-AB49C6C9FB8B}.Release|Win32.ActiveCfg = Release|Win32
		{EDFDAEF8-C1C7-4A64-B520-AB49C6C9FB8B}.Release|Win32.Build.0 = Release|Win32
		{FD95C770-9FF2-49CB-A7C7-F1C22B91405C}.Debug_CME|Win32.ActiveCfg = Debug_CME|Win32
		{FD95C770-9FF2-49CB-A7C7-F1C22B91405C}.Debug_CME|Win32.Build.0 = Debug_CME|Win32
		{FD95C770-9FF2-49CB-A7C7-F1C22B91405C}.Debug_PATSAPI|Win32.ActiveCfg = Debug_CME|Win32
		{FD95C770-9FF2-49CB-A7C7-F1C22B91405C}.Debug_PATSAPI|Win32.Build.0 = Debug_CME|Win32
		{FD95C770-9FF2-49CB-A7C7-F1C22B91405C}.Debug|Win32.ActiveCfg = Debug|Win32
		{FD95C770-9FF2-49CB-A7C7-F1C22B91405C}.Debug|Win32.Build.0 = Debug|Win32
		{FD95C770-9FF2-49CB-A7C7-F1C22B91405C}.Release_CME|Win32.ActiveCfg = Release_CME|Win32
		{FD95C770-9FF2-49CB-A7C7-F1C22B91405C}.Release_CME|Win32.Build.0 = Release_CME|Win32
		{FD95C770-9FF2-49CB-A7C7-F1C22B91405C}.Release_PATSAPI|Win32.ActiveCfg = Release_CME|Win32
		{FD95C770-9FF2-49CB-A7C7-F1C22B91405C}.Release_PATSAPI|Win32.Build.0 = Release_CME|Win32
		{FD95C770-9FF2-49CB-A7C7-F1C22B91405C}.Release|Win32.ActiveCfg = Release|Win32
		{FD95C770-9FF2-49CB-A7C7-F1C22B91405C}.Release|Win32.Build.0 = Release|Win32
		{8F113FDB-6B0B-4ADF-8431-DBFE0FBAB6FA}.Debug_CME|Win32.ActiveCfg = Debug_CME|Win32
		{8F113FDB-6B0B-4ADF-8431-DBFE0FBAB6FA}.Debug_CME|Win32.Build.0 = Debug_CME|Win32
		{8F113FDB-6B0B-4ADF-8431-DBFE0FBAB6FA}.Debug_PATSAPI|Win32.ActiveCfg = Debug_CME|Win32
		{8F113FDB-6B0B-4ADF-8431-DBFE0FBAB6FA}.Debug_PATSAPI|Win32.Build.0 = Debug_CME|Win32
		{8F113FDB-6B0B-4ADF-8431-DBFE0FBAB6FA}.Debug|Win32.ActiveCfg = Debug|Win32
		{8F113FDB-6B0B-4ADF-8431-DBFE0FBAB6FA}.Debug|Win32.Build.0 = Debug|Win32
		{8F113FDB-6B0B-4ADF-8431-DBFE0FBAB6FA}.Release_CME|Win32.ActiveCfg = Release_CME|Win32
		{8F113FDB-6B0B-4ADF-8431-DBFE0FBAB6FA}.Release_CME|Win32.Build.0 = Release_CME|Win32
		{8F113FDB-6B0B-4ADF-8431-DBFE0FBAB6FA}.Release_PATSAPI|Win32.ActiveCfg = Release_CME|Win32
		{8F113FDB-6B0B-4ADF-8431-DBFE0FBAB6FA}.Release_PATSAPI|Win32.Build.0 = Release_CME|Win32
		{8F113FDB-6B0B-4ADF-8431-DBFE0FBAB6FA}.Release|Win32.ActiveCfg = Release|Win32
		{8F113FDB-6B0B-4ADF-8431-DBFE0FBAB6FA}.Release|Win32.Build.0 = Release|Win32
		{86E881CD-82F6-46C9-B10F-E05A7E43D14D}.Debug_CME|Win32.ActiveCfg = Debug_CME|Win32
		{86E881CD-82F6-46C9-B10F-E05A7E43D14D}.Debug_CME|Win32.Build.0 = Debug_CME|Win32
		{86E881CD-82F6-46C9-B10F-E05A7E43D14D}.Debug_PATSAPI|Win32.ActiveCfg = Debug_CME|Win32
		{86E881CD-82F6-46C9-B10F-E05A7E43D14D}.Debug_PATSAPI|Win32.Build.0 = Debug_CME|Win32
		{86E881CD-82F6-46C9-B10F-E05A7E43D14D}.Debug|Win32.ActiveCfg = Debug_CME|Win32
		{86E881CD-82F6-46C9-B10F-E05A7E43D14D}.Debug|Win32.Build.0 = Debug_CME|Win32
		{86E881CD-82F6-46C9-B10F-E05A7E43D14D}.Release_CME|Win32.ActiveCfg = Release_CME|Win32
		{86E881CD-82F6-46C9-B10F-E05A7E43D14D}.Release_CME|Win32.Build.0 = Release_CME|Win32
		{86E881CD-82F6-46C9-B10F-E05A7E43D14D}.Release_PATSAPI|Win32.ActiveCfg = Release_CME|Win32
		{86E881CD-82F6-46C9-B10F-E05A7E43D14D}.Release_PATSAPI|Win32.Build.0 = Release_CME|Win32
		{86E881CD-82F6-46C9-B10F-E05A7E43D14D}.Release|Win32.ActiveCfg = Release_CME|Win32
		{86E881CD-82F6-46C9-B10F-E05A7E43D14D}.Release|Win32.Build.0 = Release_CME|Win32
		{D49D1AAD-2422-4CCD-8312-2846EEE6A2E7}.Debug_CME|Win32.ActiveCfg = Debug_CME|Win32
		{D49D1AAD-2422-4CCD-8312-2846EEE6A2E7}.Debug_CME|Win32.Build.0 = Debug_CME|Win32
		{D49D1AAD-2422-4CCD-8312-2846EEE6A2E7}.Debug_PATSAPI|Win32.ActiveCfg = Debug_PATSAPI|Win32
		{D49D1AAD-2422-4CCD-8312-2846EEE6A2E7}.Debug_PATSAPI|Win32.Build.0 = Debug_PATSAPI|Win32
		{D49D1AAD-2422-4CCD-8312-2846EEE6A2E7}.Debug|Win32.ActiveCfg = Debug|Win32
		{D49D1AAD-2422-4CCD-8312-2846EEE6A2E7}.Debug|Win32.Build.0 = Debug|Win32
		{D49D1AAD-2422-4CCD-8312-2846EEE6A2E7}.Release_CME|Win32.ActiveCfg = Release_CME|Win32
		{D49D1AAD-2422-4CCD-8312-2846EEE6A2E7}.Release_CME|Win32.Build.0 = Release_CME|Win32
		{D49D1AAD-2422-4CCD-8312-2846EEE6A2E7}.Release_PATSAPI|Win32.ActiveCfg = Release_PATSAPI|Win32
		{D49D1AAD-2422-4CCD-8312-2846EEE6A2E7}.Release_PATSAPI|Win32.Build.0 = Release_PATSAPI|Win32
		{D49D1AAD-2422-4CCD-8312-2846EEE6A2E7}.Release|Win32.ActiveCfg = Release|Win32
		{D49D1AAD-2422-4CCD-8312-2846EEE6A2E7}.Release|Win32.Build.0 = Release|Win32
	EndGlobalSection
	GlobalSection(SolutionProperties) = preSolution
		HideSolutionNode = FALSE
	EndGlobalSection
EndGlobal
