
Microsoft Visual Studio Solution File, Format Version 10.00
# Visual Studio 2008
Project("{8BC9CEB8-8B4A-11D0-8D11-00A0C91BC942}") = "MonitorSvr", "MonitorSvr.vcproj", "{98AB1E43-F552-41C7-878E-EF10715B61D3}"
EndProject
Project("{8BC9CEB8-8B4A-11D0-8D11-00A0C91BC942}") = "uniServerLib", "..\..\Miscellaneous\uniServer\uniServerLib\uniServerLib.vcproj", "{9D70E99D-54AA-4A1A-A3AF-210FBBD0FEC0}"
EndProject
Project("{8BC9CEB8-8B4A-11D0-8D11-00A0C91BC942}") = "Tools", "..\..\Miscellaneous\Tools\Tools.vcproj", "{86E881CD-82F6-46C9-B10F-E05A7E43D14D}"
EndProject
Project("{8BC9CEB8-8B4A-11D0-8D11-00A0C91BC942}") = "Tools4dll", "..\..\Miscellaneous\Tools\Tools4dll.vcproj", "{55F970AD-BE1D-4BB3-9FAD-A0BA3BBD7451}"
EndProject
Project("{8BC9CEB8-8B4A-11D0-8D11-00A0C91BC942}") = "MonitorSvr_SaveData", "..\MonitorSvr_SaveData\MonitorSvr_SaveData.vcproj", "{02D99B6E-5779-4DDD-B3B8-47FC2B9D1F2E}"
EndProject
Project("{8BC9CEB8-8B4A-11D0-8D11-00A0C91BC942}") = "MonitorClient", "..\MonitorClient\MonitorClient.vcproj", "{636535EE-9544-49C8-8D22-7B52EE2D2CC9}"
EndProject
Global
	GlobalSection(SolutionConfigurationPlatforms) = preSolution
		Debug|Win32 = Debug|Win32
		Release|Win32 = Release|Win32
	EndGlobalSection
	GlobalSection(ProjectConfigurationPlatforms) = postSolution
		{98AB1E43-F552-41C7-878E-EF10715B61D3}.Debug|Win32.ActiveCfg = Debug|Win32
		{98AB1E43-F552-41C7-878E-EF10715B61D3}.Debug|Win32.Build.0 = Debug|Win32
		{98AB1E43-F552-41C7-878E-EF10715B61D3}.Release|Win32.ActiveCfg = Release|Win32
		{98AB1E43-F552-41C7-878E-EF10715B61D3}.Release|Win32.Build.0 = Release|Win32
		{9D70E99D-54AA-4A1A-A3AF-210FBBD0FEC0}.Debug|Win32.ActiveCfg = Debug|Win32
		{9D70E99D-54AA-4A1A-A3AF-210FBBD0FEC0}.Debug|Win32.Build.0 = Debug|Win32
		{9D70E99D-54AA-4A1A-A3AF-210FBBD0FEC0}.Release|Win32.ActiveCfg = Release|Win32
		{9D70E99D-54AA-4A1A-A3AF-210FBBD0FEC0}.Release|Win32.Build.0 = Release|Win32
		{86E881CD-82F6-46C9-B10F-E05A7E43D14D}.Debug|Win32.ActiveCfg = Debug|Win32
		{86E881CD-82F6-46C9-B10F-E05A7E43D14D}.Debug|Win32.Build.0 = Debug|Win32
		{86E881CD-82F6-46C9-B10F-E05A7E43D14D}.Release|Win32.ActiveCfg = Release|Win32
		{86E881CD-82F6-46C9-B10F-E05A7E43D14D}.Release|Win32.Build.0 = Release|Win32
		{55F970AD-BE1D-4BB3-9FAD-A0BA3BBD7451}.Debug|Win32.ActiveCfg = Debug|Win32
		{55F970AD-BE1D-4BB3-9FAD-A0BA3BBD7451}.Debug|Win32.Build.0 = Debug|Win32
		{55F970AD-BE1D-4BB3-9FAD-A0BA3BBD7451}.Release|Win32.ActiveCfg = Release|Win32
		{55F970AD-BE1D-4BB3-9FAD-A0BA3BBD7451}.Release|Win32.Build.0 = Release|Win32
		{02D99B6E-5779-4DDD-B3B8-47FC2B9D1F2E}.Debug|Win32.ActiveCfg = Debug|Win32
		{02D99B6E-5779-4DDD-B3B8-47FC2B9D1F2E}.Debug|Win32.Build.0 = Debug|Win32
		{02D99B6E-5779-4DDD-B3B8-47FC2B9D1F2E}.Release|Win32.ActiveCfg = Release|Win32
		{02D99B6E-5779-4DDD-B3B8-47FC2B9D1F2E}.Release|Win32.Build.0 = Release|Win32
		{636535EE-9544-49C8-8D22-7B52EE2D2CC9}.Debug|Win32.ActiveCfg = Debug|Win32
		{636535EE-9544-49C8-8D22-7B52EE2D2CC9}.Debug|Win32.Build.0 = Debug|Win32
		{636535EE-9544-49C8-8D22-7B52EE2D2CC9}.Release|Win32.ActiveCfg = Release|Win32
		{636535EE-9544-49C8-8D22-7B52EE2D2CC9}.Release|Win32.Build.0 = Release|Win32
	EndGlobalSection
	GlobalSection(SolutionProperties) = preSolution
		HideSolutionNode = FALSE
	EndGlobalSection
EndGlobal
