
Microsoft Visual Studio Solution File, Format Version 10.00
# Visual Studio 2008
Project("{8BC9CEB8-8B4A-11D0-8D11-00A0C91BC942}") = "TSSCtrlPlugin", "TSSCtrlPlugin.vcproj", "{F1FA850E-64ED-4F7B-A300-EF4868D6E4B0}"
	ProjectSection(ProjectDependencies) = postProject
		{86E881CD-82F6-46C9-B10F-E05A7E43D14D} = {86E881CD-82F6-46C9-B10F-E05A7E43D14D}
	EndProjectSection
EndProject
Project("{8BC9CEB8-8B4A-11D0-8D11-00A0C91BC942}") = "Tools", "..\..\..\Miscellaneous\Tools\Tools.vcproj", "{86E881CD-82F6-46C9-B10F-E05A7E43D14D}"
EndProject
Global
	GlobalSection(SolutionConfigurationPlatforms) = preSolution
		Debug|Win32 = Debug|Win32
		Release|Win32 = Release|Win32
	EndGlobalSection
	GlobalSection(ProjectConfigurationPlatforms) = postSolution
		{F1FA850E-64ED-4F7B-A300-EF4868D6E4B0}.Debug|Win32.ActiveCfg = Debug|Win32
		{F1FA850E-64ED-4F7B-A300-EF4868D6E4B0}.Debug|Win32.Build.0 = Debug|Win32
		{F1FA850E-64ED-4F7B-A300-EF4868D6E4B0}.Release|Win32.ActiveCfg = Release|Win32
		{F1FA850E-64ED-4F7B-A300-EF4868D6E4B0}.Release|Win32.Build.0 = Release|Win32
		{86E881CD-82F6-46C9-B10F-E05A7E43D14D}.Debug|Win32.ActiveCfg = Debug|Win32
		{86E881CD-82F6-46C9-B10F-E05A7E43D14D}.Debug|Win32.Build.0 = Debug|Win32
		{86E881CD-82F6-46C9-B10F-E05A7E43D14D}.Release|Win32.ActiveCfg = Release|Win32
		{86E881CD-82F6-46C9-B10F-E05A7E43D14D}.Release|Win32.Build.0 = Release|Win32
	EndGlobalSection
	GlobalSection(SolutionProperties) = preSolution
		HideSolutionNode = FALSE
	EndGlobalSection
EndGlobal
